// !$*UTF8*$!
{
	archiveVersion = 1;
	classes = {
	};
	objectVersion = 56;
	objects = {

/* Begin PBXBuildFile section */
		590874752AC3346C00E768F2 /* ModelPreview.swift in Sources */ = {isa = PBXBuildFile; fileRef = 590874742AC3346C00E768F2 /* ModelPreview.swift */; };
		590874772AC3379A00E768F2 /* RingsUserData.swift in Sources */ = {isa = PBXBuildFile; fileRef = 590874762AC3379A00E768F2 /* RingsUserData.swift */; };
		590C5E352B04F23E0070445C /* CampaignDeckAdd.swift in Sources */ = {isa = PBXBuildFile; fileRef = 590C5E342B04F23E0070445C /* CampaignDeckAdd.swift */; };
		591084152B2F6C5B000AF020 /* DeckCardInfo.swift in Sources */ = {isa = PBXBuildFile; fileRef = 591084142B2F6C5B000AF020 /* DeckCardInfo.swift */; };
		5912EE242A93668700B2F8B5 /* CardRow.swift in Sources */ = {isa = PBXBuildFile; fileRef = 5912EE232A93668700B2F8B5 /* CardRow.swift */; };
		592264CB2A90A993002A7648 /* RingsCardsApp.swift in Sources */ = {isa = PBXBuildFile; fileRef = 592264CA2A90A993002A7648 /* RingsCardsApp.swift */; };
		592264CD2A90A993002A7648 /* ContentView.swift in Sources */ = {isa = PBXBuildFile; fileRef = 592264CC2A90A993002A7648 /* ContentView.swift */; };
		592264CF2A90A995002A7648 /* Assets.xcassets in Resources */ = {isa = PBXBuildFile; fileRef = 592264CE2A90A995002A7648 /* Assets.xcassets */; };
		592264D22A90A995002A7648 /* Preview Assets.xcassets in Resources */ = {isa = PBXBuildFile; fileRef = 592264D12A90A995002A7648 /* Preview Assets.xcassets */; };
		592264F52A90AB09002A7648 /* CardView.swift in Sources */ = {isa = PBXBuildFile; fileRef = 592264F42A90AB09002A7648 /* CardView.swift */; };
		5922F3D32B2D9FA30037E4D4 /* DeckInfo.swift in Sources */ = {isa = PBXBuildFile; fileRef = 5922F3D22B2D9FA30037E4D4 /* DeckInfo.swift */; };
		5922F3D52B2DA0510037E4D4 /* DeckSort.swift in Sources */ = {isa = PBXBuildFile; fileRef = 5922F3D42B2DA0510037E4D4 /* DeckSort.swift */; };
		5922F3D82B2DA7970037E4D4 /* ViewDeckModel.swift in Sources */ = {isa = PBXBuildFile; fileRef = 5922F3D72B2DA7970037E4D4 /* ViewDeckModel.swift */; };
		5922F3DA2B2DB3B80037E4D4 /* ViewCampaignModel.swift in Sources */ = {isa = PBXBuildFile; fileRef = 5922F3D92B2DB3B80037E4D4 /* ViewCampaignModel.swift */; };
		5922F3DD2B2DB4430037E4D4 /* CampaignInfo.swift in Sources */ = {isa = PBXBuildFile; fileRef = 5922F3DC2B2DB4430037E4D4 /* CampaignInfo.swift */; };
		5922F3DF2B2DB4880037E4D4 /* CampaignSort.swift in Sources */ = {isa = PBXBuildFile; fileRef = 5922F3DE2B2DB4880037E4D4 /* CampaignSort.swift */; };
		592C485C2AFFDB7700BB67BF /* CampaignCardList.swift in Sources */ = {isa = PBXBuildFile; fileRef = 592C485B2AFFDB7700BB67BF /* CampaignCardList.swift */; };
		593216A02B39F8B800124EC6 /* PackIcon.swift in Sources */ = {isa = PBXBuildFile; fileRef = 5932169F2B39F8B800124EC6 /* PackIcon.swift */; };
		5932235D2A9C9D8300AA7751 /* ScenarioRow.swift in Sources */ = {isa = PBXBuildFile; fileRef = 5932235C2A9C9D8300AA7751 /* ScenarioRow.swift */; };
		5932235F2A9C9ED400AA7751 /* ScenarioList.swift in Sources */ = {isa = PBXBuildFile; fileRef = 5932235E2A9C9ED400AA7751 /* ScenarioList.swift */; };
		593223622A9CA71200AA7751 /* DeckRow.swift in Sources */ = {isa = PBXBuildFile; fileRef = 593223612A9CA71200AA7751 /* DeckRow.swift */; };
		593223642A9CA7F300AA7751 /* DeckList.swift in Sources */ = {isa = PBXBuildFile; fileRef = 593223632A9CA7F300AA7751 /* DeckList.swift */; };
		59355A062AD2902000C894B3 /* PackRow.swift in Sources */ = {isa = PBXBuildFile; fileRef = 59355A052AD2902000C894B3 /* PackRow.swift */; };
		59355A082AD2962800C894B3 /* PackList.swift in Sources */ = {isa = PBXBuildFile; fileRef = 59355A072AD2962800C894B3 /* PackList.swift */; };
		5939A0412A9B8973008DC370 /* Scenarios.json in Resources */ = {isa = PBXBuildFile; fileRef = 5939A0402A9B8973008DC370 /* Scenarios.json */; };
		5944A3DD2A9B3D5F00E6F562 /* Scenario.swift in Sources */ = {isa = PBXBuildFile; fileRef = 5944A3DC2A9B3D5F00E6F562 /* Scenario.swift */; };
		594B766B2AA7026200ED71AF /* CampaignList.swift in Sources */ = {isa = PBXBuildFile; fileRef = 594B766A2AA7026200ED71AF /* CampaignList.swift */; };
		594B766D2AA7050800ED71AF /* CampaignRow.swift in Sources */ = {isa = PBXBuildFile; fileRef = 594B766C2AA7050800ED71AF /* CampaignRow.swift */; };
		594E38E22AD29EBC00577EE0 /* Packs.swift in Sources */ = {isa = PBXBuildFile; fileRef = 594E38E12AD29EBC00577EE0 /* Packs.swift */; };
		595078672AC59A9F007BFAA0 /* CardDecoder.swift in Sources */ = {isa = PBXBuildFile; fileRef = 595078662AC59A9F007BFAA0 /* CardDecoder.swift */; };
		595078722AC5D7D1007BFAA0 /* ViewCardModel.swift in Sources */ = {isa = PBXBuildFile; fileRef = 595078712AC5D7D1007BFAA0 /* ViewCardModel.swift */; };
		595078752AC5D8FA007BFAA0 /* SortButton.swift in Sources */ = {isa = PBXBuildFile; fileRef = 595078742AC5D8FA007BFAA0 /* SortButton.swift */; };
		5951BA712AB061380047DE1F /* ScenarioChart.swift in Sources */ = {isa = PBXBuildFile; fileRef = 5951BA702AB061380047DE1F /* ScenarioChart.swift */; };
		595A66B32A9DE8930040C952 /* SettingView.swift in Sources */ = {isa = PBXBuildFile; fileRef = 595A66B22A9DE8930040C952 /* SettingView.swift */; };
		595C7BE92A93985D0094E64F /* CompletedMark.swift in Sources */ = {isa = PBXBuildFile; fileRef = 595C7BE82A93985D0094E64F /* CompletedMark.swift */; };
		596DD7EF2A9E161C00556B7B /* ScenarioView.swift in Sources */ = {isa = PBXBuildFile; fileRef = 596DD7EE2A9E161C00556B7B /* ScenarioView.swift */; };
		5979A1BF2A9E4D6A00E1CAE1 /* Pack.swift in Sources */ = {isa = PBXBuildFile; fileRef = 5979A1BE2A9E4D6A00E1CAE1 /* Pack.swift */; };
		59862D702A91F13100628449 /* Card.swift in Sources */ = {isa = PBXBuildFile; fileRef = 59862D6F2A91F13100628449 /* Card.swift */; };
		59862D732A91F46000628449 /* Cards.json in Resources */ = {isa = PBXBuildFile; fileRef = 59862D722A91F46000628449 /* Cards.json */; };
		59862D752A91F62100628449 /* RingsData.swift in Sources */ = {isa = PBXBuildFile; fileRef = 59862D742A91F62100628449 /* RingsData.swift */; };
		59862D772A91FC4300628449 /* CardHome.swift in Sources */ = {isa = PBXBuildFile; fileRef = 59862D762A91FC4300628449 /* CardHome.swift */; };
		59862D7B2A9217F600628449 /* CircleIcon.swift in Sources */ = {isa = PBXBuildFile; fileRef = 59862D7A2A9217F600628449 /* CircleIcon.swift */; };
		598F51E52AA8747E00A1C06B /* CampaignNew.swift in Sources */ = {isa = PBXBuildFile; fileRef = 598F51E42AA8747E00A1C06B /* CampaignNew.swift */; };
		599719692AC300EC0095AAE7 /* PreviewModelContainer.swift in Sources */ = {isa = PBXBuildFile; fileRef = 599719682AC300EC0095AAE7 /* PreviewModelContainer.swift */; };
		5997196B2AC3011D0095AAE7 /* SampleDeck.swift in Sources */ = {isa = PBXBuildFile; fileRef = 5997196A2AC3011D0095AAE7 /* SampleDeck.swift */; };
		59992F572AAB0CE300C6307E /* DeckNew.swift in Sources */ = {isa = PBXBuildFile; fileRef = 59992F562AAB0CE300C6307E /* DeckNew.swift */; };
		59A4E2C62AFEA71E00CE9BEA /* CampaignCardEdit.swift in Sources */ = {isa = PBXBuildFile; fileRef = 59A4E2C52AFEA71E00CE9BEA /* CampaignCardEdit.swift */; };
		59A844D22B01695600BC76D9 /* CampaignHeroList.swift in Sources */ = {isa = PBXBuildFile; fileRef = 59A844D12B01695600BC76D9 /* CampaignHeroList.swift */; };
		59AFE7E72B29E396008AF007 /* SFUIText-Regular.ttf in Resources */ = {isa = PBXBuildFile; fileRef = 59AFE7E62B29E396008AF007 /* SFUIText-Regular.ttf */; };
		59AFE7F02B29E4FA008AF007 /* SFUIText-Italic.ttf in Resources */ = {isa = PBXBuildFile; fileRef = 59AFE7EE2B29E4FA008AF007 /* SFUIText-Italic.ttf */; };
		59AFE7F12B29E4FA008AF007 /* SFUIText-Bold.ttf in Resources */ = {isa = PBXBuildFile; fileRef = 59AFE7EF2B29E4FA008AF007 /* SFUIText-Bold.ttf */; };
		59AFE7F32B29E56D008AF007 /* SFUIText-BoldItalic.ttf in Resources */ = {isa = PBXBuildFile; fileRef = 59AFE7F22B29E56D008AF007 /* SFUIText-BoldItalic.ttf */; };
		59B1A3862AEFE29F00ADB701 /* EncounterList.swift in Sources */ = {isa = PBXBuildFile; fileRef = 59B1A3852AEFE29F00ADB701 /* EncounterList.swift */; };
		59B943FA2AC6BE8D0059C52A /* FilterButton.swift in Sources */ = {isa = PBXBuildFile; fileRef = 59B943F92AC6BE8D0059C52A /* FilterButton.swift */; };
		59C140462AC1789A00A9F20C /* Deck.swift in Sources */ = {isa = PBXBuildFile; fileRef = 59C140452AC1789A00A9F20C /* Deck.swift */; };
		59C1404D2AC1C26500A9F20C /* DeckViewEdit.swift in Sources */ = {isa = PBXBuildFile; fileRef = 59C1404C2AC1C26500A9F20C /* DeckViewEdit.swift */; };
		59C357442AAF5374009CA291 /* CardImage.swift in Sources */ = {isa = PBXBuildFile; fileRef = 59C357432AAF5374009CA291 /* CardImage.swift */; };
		59C82C222B13A5840073C4FA /* htmlToMarkdown.swift in Sources */ = {isa = PBXBuildFile; fileRef = 59C82C212B13A5840073C4FA /* htmlToMarkdown.swift */; };
		59C82C242B13AECD0073C4FA /* iconsAndSpheres.swift in Sources */ = {isa = PBXBuildFile; fileRef = 59C82C232B13AECD0073C4FA /* iconsAndSpheres.swift */; };
		59C87AF12AA5CEC80058CB2A /* Campaign.swift in Sources */ = {isa = PBXBuildFile; fileRef = 59C87AF02AA5CEC80058CB2A /* Campaign.swift */; };
		59C87AF72AA5DB720058CB2A /* CampaignHost.swift in Sources */ = {isa = PBXBuildFile; fileRef = 59C87AF62AA5DB720058CB2A /* CampaignHost.swift */; };
		59C87AF92AA5DDB70058CB2A /* CampaignEdit.swift in Sources */ = {isa = PBXBuildFile; fileRef = 59C87AF82AA5DDB70058CB2A /* CampaignEdit.swift */; };
		59C9B8B42A97430400520310 /* User.swift in Sources */ = {isa = PBXBuildFile; fileRef = 59C9B8B32A97430400520310 /* User.swift */; };
		59C9B8B72A97438000520310 /* UserHost.swift in Sources */ = {isa = PBXBuildFile; fileRef = 59C9B8B62A97438000520310 /* UserHost.swift */; };
		59C9B8B92A9743B500520310 /* UserView.swift in Sources */ = {isa = PBXBuildFile; fileRef = 59C9B8B82A9743B500520310 /* UserView.swift */; };
		59C9B8BB2A9751B700520310 /* UserEdit.swift in Sources */ = {isa = PBXBuildFile; fileRef = 59C9B8BA2A9751B700520310 /* UserEdit.swift */; };
		59D8353F2AFF8F3B000C160E /* ScenarioVStack.swift in Sources */ = {isa = PBXBuildFile; fileRef = 59D8353E2AFF8F3B000C160E /* ScenarioVStack.swift */; };
		59D835412AFF92A2000C160E /* CampaignHome.swift in Sources */ = {isa = PBXBuildFile; fileRef = 59D835402AFF92A2000C160E /* CampaignHome.swift */; };
		59D835432AFF94A3000C160E /* ScenarioItem.swift in Sources */ = {isa = PBXBuildFile; fileRef = 59D835422AFF94A3000C160E /* ScenarioItem.swift */; };
		59E3C47A2B3C81ED00E74D0D /* CardList.swift in Sources */ = {isa = PBXBuildFile; fileRef = 59E3C4792B3C81ED00E74D0D /* CardList.swift */; };
		59E5F8F62B027C6B0028BCFB /* CampaignDeckHost.swift in Sources */ = {isa = PBXBuildFile; fileRef = 59E5F8F52B027C6B0028BCFB /* CampaignDeckHost.swift */; };
		59E5F8FC2B029A2E0028BCFB /* CampaignHeroFallen.swift in Sources */ = {isa = PBXBuildFile; fileRef = 59E5F8FB2B029A2E0028BCFB /* CampaignHeroFallen.swift */; };
		59EA4DD42B4010290078F7F8 /* DeckViewHome.swift in Sources */ = {isa = PBXBuildFile; fileRef = 59EA4DD32B4010290078F7F8 /* DeckViewHome.swift */; };
		59EA4DD62B4028D30078F7F8 /* DeckHome.swift in Sources */ = {isa = PBXBuildFile; fileRef = 59EA4DD52B4028D30078F7F8 /* DeckHome.swift */; };
		59EA4DDA2B4037D00078F7F8 /* CardInfo.swift in Sources */ = {isa = PBXBuildFile; fileRef = 59EA4DD92B4037D00078F7F8 /* CardInfo.swift */; };
		59EDE7132AC8632F001288AE /* SampleCampaign.swift in Sources */ = {isa = PBXBuildFile; fileRef = 59EDE7122AC8632F001288AE /* SampleCampaign.swift */; };
		59FD32572AEE4A8300D9597B /* Keyword.swift in Sources */ = {isa = PBXBuildFile; fileRef = 59FD32562AEE4A8300D9597B /* Keyword.swift */; };
		59FD32592AEE4B1800D9597B /* Keywords.swift in Sources */ = {isa = PBXBuildFile; fileRef = 59FD32582AEE4B1800D9597B /* Keywords.swift */; };
		59FD325D2AEE4D2700D9597B /* KeywordView.swift in Sources */ = {isa = PBXBuildFile; fileRef = 59FD325C2AEE4D2700D9597B /* KeywordView.swift */; };
		59FD325F2AEE62EF00D9597B /* KeywordList.swift in Sources */ = {isa = PBXBuildFile; fileRef = 59FD325E2AEE62EF00D9597B /* KeywordList.swift */; };
		729BF2A52A95861800E67871 /* CampaignView.swift in Sources */ = {isa = PBXBuildFile; fileRef = 729BF2A42A95861800E67871 /* CampaignView.swift */; };
/* End PBXBuildFile section */

/* Begin PBXFileReference section */
		590874742AC3346C00E768F2 /* ModelPreview.swift */ = {isa = PBXFileReference; lastKnownFileType = sourcecode.swift; path = ModelPreview.swift; sourceTree = "<group>"; };
		590874762AC3379A00E768F2 /* RingsUserData.swift */ = {isa = PBXFileReference; lastKnownFileType = sourcecode.swift; path = RingsUserData.swift; sourceTree = "<group>"; };
		590C5E342B04F23E0070445C /* CampaignDeckAdd.swift */ = {isa = PBXFileReference; lastKnownFileType = sourcecode.swift; path = CampaignDeckAdd.swift; sourceTree = "<group>"; };
		591084142B2F6C5B000AF020 /* DeckCardInfo.swift */ = {isa = PBXFileReference; lastKnownFileType = sourcecode.swift; path = DeckCardInfo.swift; sourceTree = "<group>"; };
		5912EE232A93668700B2F8B5 /* CardRow.swift */ = {isa = PBXFileReference; lastKnownFileType = sourcecode.swift; path = CardRow.swift; sourceTree = "<group>"; };
		592264CA2A90A993002A7648 /* RingsCardsApp.swift */ = {isa = PBXFileReference; lastKnownFileType = sourcecode.swift; path = RingsCardsApp.swift; sourceTree = "<group>"; };
		592264CC2A90A993002A7648 /* ContentView.swift */ = {isa = PBXFileReference; lastKnownFileType = sourcecode.swift; path = ContentView.swift; sourceTree = "<group>"; };
		592264CE2A90A995002A7648 /* Assets.xcassets */ = {isa = PBXFileReference; lastKnownFileType = folder.assetcatalog; path = Assets.xcassets; sourceTree = "<group>"; };
		592264D12A90A995002A7648 /* Preview Assets.xcassets */ = {isa = PBXFileReference; lastKnownFileType = folder.assetcatalog; path = "Preview Assets.xcassets"; sourceTree = "<group>"; };
		592264F42A90AB09002A7648 /* CardView.swift */ = {isa = PBXFileReference; lastKnownFileType = sourcecode.swift; path = CardView.swift; sourceTree = "<group>"; };
		5922F3D22B2D9FA30037E4D4 /* DeckInfo.swift */ = {isa = PBXFileReference; lastKnownFileType = sourcecode.swift; path = DeckInfo.swift; sourceTree = "<group>"; };
		5922F3D42B2DA0510037E4D4 /* DeckSort.swift */ = {isa = PBXFileReference; lastKnownFileType = sourcecode.swift; path = DeckSort.swift; sourceTree = "<group>"; };
		5922F3D72B2DA7970037E4D4 /* ViewDeckModel.swift */ = {isa = PBXFileReference; fileEncoding = 4; lastKnownFileType = sourcecode.swift; path = ViewDeckModel.swift; sourceTree = "<group>"; };
		5922F3D92B2DB3B80037E4D4 /* ViewCampaignModel.swift */ = {isa = PBXFileReference; lastKnownFileType = sourcecode.swift; path = ViewCampaignModel.swift; sourceTree = "<group>"; };
		5922F3DC2B2DB4430037E4D4 /* CampaignInfo.swift */ = {isa = PBXFileReference; lastKnownFileType = sourcecode.swift; path = CampaignInfo.swift; sourceTree = "<group>"; };
		5922F3DE2B2DB4880037E4D4 /* CampaignSort.swift */ = {isa = PBXFileReference; lastKnownFileType = sourcecode.swift; path = CampaignSort.swift; sourceTree = "<group>"; };
		592C485B2AFFDB7700BB67BF /* CampaignCardList.swift */ = {isa = PBXFileReference; lastKnownFileType = sourcecode.swift; path = CampaignCardList.swift; sourceTree = "<group>"; };
		5932169F2B39F8B800124EC6 /* PackIcon.swift */ = {isa = PBXFileReference; lastKnownFileType = sourcecode.swift; path = PackIcon.swift; sourceTree = "<group>"; };
		5932235C2A9C9D8300AA7751 /* ScenarioRow.swift */ = {isa = PBXFileReference; lastKnownFileType = sourcecode.swift; path = ScenarioRow.swift; sourceTree = "<group>"; };
		5932235E2A9C9ED400AA7751 /* ScenarioList.swift */ = {isa = PBXFileReference; lastKnownFileType = sourcecode.swift; path = ScenarioList.swift; sourceTree = "<group>"; };
		593223612A9CA71200AA7751 /* DeckRow.swift */ = {isa = PBXFileReference; lastKnownFileType = sourcecode.swift; path = DeckRow.swift; sourceTree = "<group>"; };
		593223632A9CA7F300AA7751 /* DeckList.swift */ = {isa = PBXFileReference; lastKnownFileType = sourcecode.swift; path = DeckList.swift; sourceTree = "<group>"; };
		59355A052AD2902000C894B3 /* PackRow.swift */ = {isa = PBXFileReference; lastKnownFileType = sourcecode.swift; path = PackRow.swift; sourceTree = "<group>"; };
		59355A072AD2962800C894B3 /* PackList.swift */ = {isa = PBXFileReference; lastKnownFileType = sourcecode.swift; path = PackList.swift; sourceTree = "<group>"; };
		5939A0402A9B8973008DC370 /* Scenarios.json */ = {isa = PBXFileReference; lastKnownFileType = text.json; path = Scenarios.json; sourceTree = "<group>"; };
		5944A3DC2A9B3D5F00E6F562 /* Scenario.swift */ = {isa = PBXFileReference; lastKnownFileType = sourcecode.swift; path = Scenario.swift; sourceTree = "<group>"; };
		594B766A2AA7026200ED71AF /* CampaignList.swift */ = {isa = PBXFileReference; lastKnownFileType = sourcecode.swift; path = CampaignList.swift; sourceTree = "<group>"; };
		594B766C2AA7050800ED71AF /* CampaignRow.swift */ = {isa = PBXFileReference; lastKnownFileType = sourcecode.swift; path = CampaignRow.swift; sourceTree = "<group>"; };
		594E38E12AD29EBC00577EE0 /* Packs.swift */ = {isa = PBXFileReference; lastKnownFileType = sourcecode.swift; path = Packs.swift; sourceTree = "<group>"; };
		595078662AC59A9F007BFAA0 /* CardDecoder.swift */ = {isa = PBXFileReference; lastKnownFileType = sourcecode.swift; path = CardDecoder.swift; sourceTree = "<group>"; };
		595078712AC5D7D1007BFAA0 /* ViewCardModel.swift */ = {isa = PBXFileReference; lastKnownFileType = sourcecode.swift; path = ViewCardModel.swift; sourceTree = "<group>"; };
		595078742AC5D8FA007BFAA0 /* SortButton.swift */ = {isa = PBXFileReference; lastKnownFileType = sourcecode.swift; path = SortButton.swift; sourceTree = "<group>"; };
		5951BA702AB061380047DE1F /* ScenarioChart.swift */ = {isa = PBXFileReference; lastKnownFileType = sourcecode.swift; path = ScenarioChart.swift; sourceTree = "<group>"; };
		595A66B22A9DE8930040C952 /* SettingView.swift */ = {isa = PBXFileReference; lastKnownFileType = sourcecode.swift; path = SettingView.swift; sourceTree = "<group>"; };
		595C7BE82A93985D0094E64F /* CompletedMark.swift */ = {isa = PBXFileReference; lastKnownFileType = sourcecode.swift; path = CompletedMark.swift; sourceTree = "<group>"; };
		596DD7EE2A9E161C00556B7B /* ScenarioView.swift */ = {isa = PBXFileReference; lastKnownFileType = sourcecode.swift; path = ScenarioView.swift; sourceTree = "<group>"; };
		5979A1BE2A9E4D6A00E1CAE1 /* Pack.swift */ = {isa = PBXFileReference; lastKnownFileType = sourcecode.swift; path = Pack.swift; sourceTree = "<group>"; };
		59862D6F2A91F13100628449 /* Card.swift */ = {isa = PBXFileReference; lastKnownFileType = sourcecode.swift; path = Card.swift; sourceTree = "<group>"; };
		59862D722A91F46000628449 /* Cards.json */ = {isa = PBXFileReference; lastKnownFileType = text.json; path = Cards.json; sourceTree = "<group>"; };
		59862D742A91F62100628449 /* RingsData.swift */ = {isa = PBXFileReference; lastKnownFileType = sourcecode.swift; path = RingsData.swift; sourceTree = "<group>"; };
		59862D762A91FC4300628449 /* CardHome.swift */ = {isa = PBXFileReference; lastKnownFileType = sourcecode.swift; path = CardHome.swift; sourceTree = "<group>"; };
		59862D7A2A9217F600628449 /* CircleIcon.swift */ = {isa = PBXFileReference; lastKnownFileType = sourcecode.swift; path = CircleIcon.swift; sourceTree = "<group>"; };
		598F51E42AA8747E00A1C06B /* CampaignNew.swift */ = {isa = PBXFileReference; lastKnownFileType = sourcecode.swift; path = CampaignNew.swift; sourceTree = "<group>"; };
		599719682AC300EC0095AAE7 /* PreviewModelContainer.swift */ = {isa = PBXFileReference; lastKnownFileType = sourcecode.swift; path = PreviewModelContainer.swift; sourceTree = "<group>"; };
		5997196A2AC3011D0095AAE7 /* SampleDeck.swift */ = {isa = PBXFileReference; lastKnownFileType = sourcecode.swift; path = SampleDeck.swift; sourceTree = "<group>"; };
		59992F562AAB0CE300C6307E /* DeckNew.swift */ = {isa = PBXFileReference; lastKnownFileType = sourcecode.swift; path = DeckNew.swift; sourceTree = "<group>"; };
		59A4E2C52AFEA71E00CE9BEA /* CampaignCardEdit.swift */ = {isa = PBXFileReference; lastKnownFileType = sourcecode.swift; path = CampaignCardEdit.swift; sourceTree = "<group>"; };
		59A844D12B01695600BC76D9 /* CampaignHeroList.swift */ = {isa = PBXFileReference; lastKnownFileType = sourcecode.swift; path = CampaignHeroList.swift; sourceTree = "<group>"; };
		59AFE7E62B29E396008AF007 /* SFUIText-Regular.ttf */ = {isa = PBXFileReference; lastKnownFileType = file; path = "SFUIText-Regular.ttf"; sourceTree = "<group>"; };
		59AFE7EE2B29E4FA008AF007 /* SFUIText-Italic.ttf */ = {isa = PBXFileReference; lastKnownFileType = file; path = "SFUIText-Italic.ttf"; sourceTree = "<group>"; };
		59AFE7EF2B29E4FA008AF007 /* SFUIText-Bold.ttf */ = {isa = PBXFileReference; lastKnownFileType = file; path = "SFUIText-Bold.ttf"; sourceTree = "<group>"; };
		59AFE7F22B29E56D008AF007 /* SFUIText-BoldItalic.ttf */ = {isa = PBXFileReference; lastKnownFileType = file; path = "SFUIText-BoldItalic.ttf"; sourceTree = "<group>"; };
		59B1A3852AEFE29F00ADB701 /* EncounterList.swift */ = {isa = PBXFileReference; lastKnownFileType = sourcecode.swift; path = EncounterList.swift; sourceTree = "<group>"; };
		59B943F92AC6BE8D0059C52A /* FilterButton.swift */ = {isa = PBXFileReference; lastKnownFileType = sourcecode.swift; path = FilterButton.swift; sourceTree = "<group>"; };
		59C140452AC1789A00A9F20C /* Deck.swift */ = {isa = PBXFileReference; lastKnownFileType = sourcecode.swift; path = Deck.swift; sourceTree = "<group>"; };
		59C1404C2AC1C26500A9F20C /* DeckViewEdit.swift */ = {isa = PBXFileReference; lastKnownFileType = sourcecode.swift; path = DeckViewEdit.swift; sourceTree = "<group>"; };
		59C357432AAF5374009CA291 /* CardImage.swift */ = {isa = PBXFileReference; lastKnownFileType = sourcecode.swift; path = CardImage.swift; sourceTree = "<group>"; };
		59C82C212B13A5840073C4FA /* htmlToMarkdown.swift */ = {isa = PBXFileReference; lastKnownFileType = sourcecode.swift; path = htmlToMarkdown.swift; sourceTree = "<group>"; };
		59C82C232B13AECD0073C4FA /* iconsAndSpheres.swift */ = {isa = PBXFileReference; lastKnownFileType = sourcecode.swift; path = iconsAndSpheres.swift; sourceTree = "<group>"; };
		59C851962B277E03009327D2 /* Info.plist */ = {isa = PBXFileReference; lastKnownFileType = text.plist; path = Info.plist; sourceTree = "<group>"; };
		59C87AF02AA5CEC80058CB2A /* Campaign.swift */ = {isa = PBXFileReference; lastKnownFileType = sourcecode.swift; path = Campaign.swift; sourceTree = "<group>"; };
		59C87AF62AA5DB720058CB2A /* CampaignHost.swift */ = {isa = PBXFileReference; lastKnownFileType = sourcecode.swift; path = CampaignHost.swift; sourceTree = "<group>"; };
		59C87AF82AA5DDB70058CB2A /* CampaignEdit.swift */ = {isa = PBXFileReference; lastKnownFileType = sourcecode.swift; path = CampaignEdit.swift; sourceTree = "<group>"; };
		59C9B8B32A97430400520310 /* User.swift */ = {isa = PBXFileReference; lastKnownFileType = sourcecode.swift; path = User.swift; sourceTree = "<group>"; };
		59C9B8B62A97438000520310 /* UserHost.swift */ = {isa = PBXFileReference; lastKnownFileType = sourcecode.swift; path = UserHost.swift; sourceTree = "<group>"; };
		59C9B8B82A9743B500520310 /* UserView.swift */ = {isa = PBXFileReference; lastKnownFileType = sourcecode.swift; path = UserView.swift; sourceTree = "<group>"; };
		59C9B8BA2A9751B700520310 /* UserEdit.swift */ = {isa = PBXFileReference; lastKnownFileType = sourcecode.swift; path = UserEdit.swift; sourceTree = "<group>"; };
		59D8353E2AFF8F3B000C160E /* ScenarioVStack.swift */ = {isa = PBXFileReference; lastKnownFileType = sourcecode.swift; path = ScenarioVStack.swift; sourceTree = "<group>"; };
		59D835402AFF92A2000C160E /* CampaignHome.swift */ = {isa = PBXFileReference; lastKnownFileType = sourcecode.swift; path = CampaignHome.swift; sourceTree = "<group>"; };
		59D835422AFF94A3000C160E /* ScenarioItem.swift */ = {isa = PBXFileReference; lastKnownFileType = sourcecode.swift; path = ScenarioItem.swift; sourceTree = "<group>"; };
		59D987702AC2B901008F6706 /* RingsCards.app */ = {isa = PBXFileReference; explicitFileType = wrapper.application; includeInIndex = 0; path = RingsCards.app; sourceTree = BUILT_PRODUCTS_DIR; };
		59E3C4792B3C81ED00E74D0D /* CardList.swift */ = {isa = PBXFileReference; lastKnownFileType = sourcecode.swift; path = CardList.swift; sourceTree = "<group>"; };
		59E5F8F52B027C6B0028BCFB /* CampaignDeckHost.swift */ = {isa = PBXFileReference; lastKnownFileType = sourcecode.swift; path = CampaignDeckHost.swift; sourceTree = "<group>"; };
		59E5F8FB2B029A2E0028BCFB /* CampaignHeroFallen.swift */ = {isa = PBXFileReference; lastKnownFileType = sourcecode.swift; path = CampaignHeroFallen.swift; sourceTree = "<group>"; };
		59EA4DD32B4010290078F7F8 /* DeckViewHome.swift */ = {isa = PBXFileReference; lastKnownFileType = sourcecode.swift; path = DeckViewHome.swift; sourceTree = "<group>"; };
		59EA4DD52B4028D30078F7F8 /* DeckHome.swift */ = {isa = PBXFileReference; lastKnownFileType = sourcecode.swift; path = DeckHome.swift; sourceTree = "<group>"; };
		59EA4DD92B4037D00078F7F8 /* CardInfo.swift */ = {isa = PBXFileReference; fileEncoding = 4; lastKnownFileType = sourcecode.swift; path = CardInfo.swift; sourceTree = "<group>"; };
		59EDE7122AC8632F001288AE /* SampleCampaign.swift */ = {isa = PBXFileReference; lastKnownFileType = sourcecode.swift; path = SampleCampaign.swift; sourceTree = "<group>"; };
		59FD32562AEE4A8300D9597B /* Keyword.swift */ = {isa = PBXFileReference; lastKnownFileType = sourcecode.swift; path = Keyword.swift; sourceTree = "<group>"; };
		59FD32582AEE4B1800D9597B /* Keywords.swift */ = {isa = PBXFileReference; lastKnownFileType = sourcecode.swift; path = Keywords.swift; sourceTree = "<group>"; };
		59FD325C2AEE4D2700D9597B /* KeywordView.swift */ = {isa = PBXFileReference; lastKnownFileType = sourcecode.swift; path = KeywordView.swift; sourceTree = "<group>"; };
		59FD325E2AEE62EF00D9597B /* KeywordList.swift */ = {isa = PBXFileReference; lastKnownFileType = sourcecode.swift; path = KeywordList.swift; sourceTree = "<group>"; };
		729BF2A42A95861800E67871 /* CampaignView.swift */ = {isa = PBXFileReference; lastKnownFileType = sourcecode.swift; path = CampaignView.swift; sourceTree = "<group>"; };
/* End PBXFileReference section */

/* Begin PBXFrameworksBuildPhase section */
		592264C42A90A993002A7648 /* Frameworks */ = {
			isa = PBXFrameworksBuildPhase;
			buildActionMask = 2147483647;
			files = (
			);
			runOnlyForDeploymentPostprocessing = 0;
		};
/* End PBXFrameworksBuildPhase section */

/* Begin PBXGroup section */
		5912EE212A93662800B2F8B5 /* CardViews */ = {
			isa = PBXGroup;
			children = (
				59862D762A91FC4300628449 /* CardHome.swift */,
				5950786B2AC5B8FE007BFAA0 /* CardList */,
				59B6E9B32A9A0C2D0056EE8D /* CardTool */,
				59E3C47B2B3C8F0300E74D0D /* CardView */,
			);
			path = CardViews;
			sourceTree = "<group>";
		};
		5912EE222A93664B00B2F8B5 /* HelperViews */ = {
			isa = PBXGroup;
			children = (
				59862D7A2A9217F600628449 /* CircleIcon.swift */,
				595C7BE82A93985D0094E64F /* CompletedMark.swift */,
				5951BA702AB061380047DE1F /* ScenarioChart.swift */,
			);
			path = HelperViews;
			sourceTree = "<group>";
		};
		592264BE2A90A993002A7648 = {
			isa = PBXGroup;
			children = (
				592264C92A90A993002A7648 /* RingsCards */,
				59D987702AC2B901008F6706 /* RingsCards.app */,
			);
			sourceTree = "<group>";
		};
		592264C92A90A993002A7648 /* RingsCards */ = {
			isa = PBXGroup;
			children = (
				59C851962B277E03009327D2 /* Info.plist */,
				592264CA2A90A993002A7648 /* RingsCardsApp.swift */,
				592264CE2A90A995002A7648 /* Assets.xcassets */,
				59862D6D2A91F0A900628449 /* Models */,
				592264D02A90A995002A7648 /* Preview Content */,
				59862D712A91F30800628449 /* Resources */,
				59862D6E2A91F0BC00628449 /* Views */,
			);
			path = RingsCards;
			sourceTree = "<group>";
		};
		592264D02A90A995002A7648 /* Preview Content */ = {
			isa = PBXGroup;
			children = (
				590874742AC3346C00E768F2 /* ModelPreview.swift */,
				599719682AC300EC0095AAE7 /* PreviewModelContainer.swift */,
				592264D12A90A995002A7648 /* Preview Assets.xcassets */,
				5950786F2AC5BBA2007BFAA0 /* Samples */,
			);
			path = "Preview Content";
			sourceTree = "<group>";
		};
		5922F3D12B2D9F860037E4D4 /* DeckTool */ = {
			isa = PBXGroup;
			children = (
				591084142B2F6C5B000AF020 /* DeckCardInfo.swift */,
				5922F3D22B2D9FA30037E4D4 /* DeckInfo.swift */,
				5922F3D42B2DA0510037E4D4 /* DeckSort.swift */,
			);
			path = DeckTool;
			sourceTree = "<group>";
		};
		5922F3DB2B2DB41D0037E4D4 /* CampaignToolbar */ = {
			isa = PBXGroup;
			children = (
				5922F3DC2B2DB4430037E4D4 /* CampaignInfo.swift */,
				5922F3DE2B2DB4880037E4D4 /* CampaignSort.swift */,
			);
			path = CampaignToolbar;
			sourceTree = "<group>";
		};
		5932235B2A9C9D4100AA7751 /* ScenarioViews */ = {
			isa = PBXGroup;
			children = (
				596DD7EE2A9E161C00556B7B /* ScenarioView.swift */,
				59B1A3842AEFE26600ADB701 /* EncounterViews */,
				59FD325B2AEE4D0900D9597B /* KeywordViews */,
				599C55F12B00CA44003D03CB /* ScenarioHome */,
			);
			path = ScenarioViews;
			sourceTree = "<group>";
		};
		59355A042AD28FCE00C894B3 /* PackView */ = {
			isa = PBXGroup;
			children = (
				5932169F2B39F8B800124EC6 /* PackIcon.swift */,
				59355A072AD2962800C894B3 /* PackList.swift */,
				59355A052AD2902000C894B3 /* PackRow.swift */,
			);
			path = PackView;
			sourceTree = "<group>";
		};
		594E38E02AD29EA900577EE0 /* Packs */ = {
			isa = PBXGroup;
			children = (
				5979A1BE2A9E4D6A00E1CAE1 /* Pack.swift */,
				594E38E12AD29EBC00577EE0 /* Packs.swift */,
			);
			path = Packs;
			sourceTree = "<group>";
		};
		5950786A2AC5A6CF007BFAA0 /* Cards */ = {
			isa = PBXGroup;
			children = (
				59862D6F2A91F13100628449 /* Card.swift */,
				595078662AC59A9F007BFAA0 /* CardDecoder.swift */,
				595078712AC5D7D1007BFAA0 /* ViewCardModel.swift */,
			);
			path = Cards;
			sourceTree = "<group>";
		};
		5950786B2AC5B8FE007BFAA0 /* CardList */ = {
			isa = PBXGroup;
			children = (
				59E3C4792B3C81ED00E74D0D /* CardList.swift */,
				5912EE232A93668700B2F8B5 /* CardRow.swift */,
			);
			path = CardList;
			sourceTree = "<group>";
		};
		5950786C2AC5BAD8007BFAA0 /* Campaigns */ = {
			isa = PBXGroup;
			children = (
				59C87AF02AA5CEC80058CB2A /* Campaign.swift */,
				5944A3DC2A9B3D5F00E6F562 /* Scenario.swift */,
				5922F3D92B2DB3B80037E4D4 /* ViewCampaignModel.swift */,
			);
			path = Campaigns;
			sourceTree = "<group>";
		};
		5950786D2AC5BB30007BFAA0 /* Decks */ = {
			isa = PBXGroup;
			children = (
				59C140452AC1789A00A9F20C /* Deck.swift */,
				5922F3D72B2DA7970037E4D4 /* ViewDeckModel.swift */,
			);
			path = Decks;
			sourceTree = "<group>";
		};
		5950786F2AC5BBA2007BFAA0 /* Samples */ = {
			isa = PBXGroup;
			children = (
				5997196A2AC3011D0095AAE7 /* SampleDeck.swift */,
				59EDE7122AC8632F001288AE /* SampleCampaign.swift */,
			);
			path = Samples;
			sourceTree = "<group>";
		};
		595078702AC5BC1B007BFAA0 /* Settings */ = {
			isa = PBXGroup;
			children = (
				59C9B8B32A97430400520310 /* User.swift */,
				59AFE7F42B29E8BA008AF007 /* Fonts */,
				59FD325A2AEE4B9200D9597B /* Keywords */,
				594E38E02AD29EA900577EE0 /* Packs */,
			);
			path = Settings;
			sourceTree = "<group>";
		};
		595A66B12A9DE84F0040C952 /* SettingViews */ = {
			isa = PBXGroup;
			children = (
				595A66B22A9DE8930040C952 /* SettingView.swift */,
				59355A042AD28FCE00C894B3 /* PackView */,
				59C9B8B52A97434100520310 /* UserViews */,
			);
			path = SettingViews;
			sourceTree = "<group>";
		};
		59862D6D2A91F0A900628449 /* Models */ = {
			isa = PBXGroup;
			children = (
				59862D742A91F62100628449 /* RingsData.swift */,
				590874762AC3379A00E768F2 /* RingsUserData.swift */,
				5950786A2AC5A6CF007BFAA0 /* Cards */,
				5950786D2AC5BB30007BFAA0 /* Decks */,
				5950786C2AC5BAD8007BFAA0 /* Campaigns */,
				595078702AC5BC1B007BFAA0 /* Settings */,
			);
			path = Models;
			sourceTree = "<group>";
		};
		59862D6E2A91F0BC00628449 /* Views */ = {
			isa = PBXGroup;
			children = (
				592264CC2A90A993002A7648 /* ContentView.swift */,
				5912EE212A93662800B2F8B5 /* CardViews */,
				729BF2982A95812900E67871 /* DeckViews */,
				729BF2972A95810800E67871 /* CampaignViews */,
				595A66B12A9DE84F0040C952 /* SettingViews */,
			);
			path = Views;
			sourceTree = "<group>";
		};
		59862D712A91F30800628449 /* Resources */ = {
			isa = PBXGroup;
			children = (
				59862D722A91F46000628449 /* Cards.json */,
				5939A0402A9B8973008DC370 /* Scenarios.json */,
			);
			path = Resources;
			sourceTree = "<group>";
		};
		599C55F02B00C6A0003D03CB /* CampaignMode */ = {
			isa = PBXGroup;
			children = (
				59D835402AFF92A2000C160E /* CampaignHome.swift */,
				599C55F62B00CB96003D03CB /* CampaignCards */,
				59E5F8F42B027C2E0028BCFB /* CampaignDecks */,
				59A844D02B01692400BC76D9 /* CampaignHeroes */,
				59B127E82AC8830C00094472 /* CampaignNotes */,
			);
			path = CampaignMode;
			sourceTree = "<group>";
		};
		599C55F12B00CA44003D03CB /* ScenarioHome */ = {
			isa = PBXGroup;
			children = (
				59D835422AFF94A3000C160E /* ScenarioItem.swift */,
				59D8353E2AFF8F3B000C160E /* ScenarioVStack.swift */,
			);
			path = ScenarioHome;
			sourceTree = "<group>";
		};
		599C55F52B00CB16003D03CB /* LegacyMode */ = {
			isa = PBXGroup;
			children = (
				5932235E2A9C9ED400AA7751 /* ScenarioList.swift */,
				5932235C2A9C9D8300AA7751 /* ScenarioRow.swift */,
			);
			path = LegacyMode;
			sourceTree = "<group>";
		};
		599C55F62B00CB96003D03CB /* CampaignCards */ = {
			isa = PBXGroup;
			children = (
				592C485B2AFFDB7700BB67BF /* CampaignCardList.swift */,
				59A4E2C52AFEA71E00CE9BEA /* CampaignCardEdit.swift */,
			);
			path = CampaignCards;
			sourceTree = "<group>";
		};
		59A844D02B01692400BC76D9 /* CampaignHeroes */ = {
			isa = PBXGroup;
			children = (
				59A844D12B01695600BC76D9 /* CampaignHeroList.swift */,
				59E5F8FB2B029A2E0028BCFB /* CampaignHeroFallen.swift */,
			);
			name = CampaignHeroes;
			path = ../CampaignHeroes;
			sourceTree = "<group>";
		};
		59AFE7F42B29E8BA008AF007 /* Fonts */ = {
			isa = PBXGroup;
			children = (
				59C82C212B13A5840073C4FA /* htmlToMarkdown.swift */,
				59C82C232B13AECD0073C4FA /* iconsAndSpheres.swift */,
				59AFE7E62B29E396008AF007 /* SFUIText-Regular.ttf */,
				59AFE7EF2B29E4FA008AF007 /* SFUIText-Bold.ttf */,
				59AFE7EE2B29E4FA008AF007 /* SFUIText-Italic.ttf */,
				59AFE7F22B29E56D008AF007 /* SFUIText-BoldItalic.ttf */,
			);
			path = Fonts;
			sourceTree = "<group>";
		};
		59B127E82AC8830C00094472 /* CampaignNotes */ = {
			isa = PBXGroup;
			children = (
				59C87AF82AA5DDB70058CB2A /* CampaignEdit.swift */,
				59C87AF62AA5DB720058CB2A /* CampaignHost.swift */,
				729BF2A42A95861800E67871 /* CampaignView.swift */,
			);
			path = CampaignNotes;
			sourceTree = "<group>";
		};
		59B1A3842AEFE26600ADB701 /* EncounterViews */ = {
			isa = PBXGroup;
			children = (
				59B1A3852AEFE29F00ADB701 /* EncounterList.swift */,
			);
			path = EncounterViews;
			sourceTree = "<group>";
		};
		59B6E9B32A9A0C2D0056EE8D /* CardTool */ = {
			isa = PBXGroup;
			children = (
				59EA4DD92B4037D00078F7F8 /* CardInfo.swift */,
				59B943F92AC6BE8D0059C52A /* FilterButton.swift */,
				595078742AC5D8FA007BFAA0 /* SortButton.swift */,
			);
			path = CardTool;
			sourceTree = "<group>";
		};
		59C9B8B52A97434100520310 /* UserViews */ = {
			isa = PBXGroup;
			children = (
				59C9B8BA2A9751B700520310 /* UserEdit.swift */,
				59C9B8B62A97438000520310 /* UserHost.swift */,
				59C9B8B82A9743B500520310 /* UserView.swift */,
			);
			path = UserViews;
			sourceTree = "<group>";
		};
		59E3C47B2B3C8F0300E74D0D /* CardView */ = {
			isa = PBXGroup;
			children = (
				592264F42A90AB09002A7648 /* CardView.swift */,
				59C357432AAF5374009CA291 /* CardImage.swift */,
			);
			path = CardView;
			sourceTree = "<group>";
		};
		59E5F8F42B027C2E0028BCFB /* CampaignDecks */ = {
			isa = PBXGroup;
			children = (
				59E5F8F52B027C6B0028BCFB /* CampaignDeckHost.swift */,
				590C5E342B04F23E0070445C /* CampaignDeckAdd.swift */,
			);
			path = CampaignDecks;
			sourceTree = "<group>";
		};
		59EA4DD22B400FE80078F7F8 /* DeckView */ = {
			isa = PBXGroup;
			children = (
				59EA4DD32B4010290078F7F8 /* DeckViewHome.swift */,
				59EA4DDE2B41725C0078F7F8 /* DeckViewTool */,
			);
			path = DeckView;
			sourceTree = "<group>";
		};
		59EA4DDE2B41725C0078F7F8 /* DeckViewTool */ = {
			isa = PBXGroup;
			children = (
				59C1404C2AC1C26500A9F20C /* DeckViewEdit.swift */,
			);
			path = DeckViewTool;
			sourceTree = "<group>";
		};
		59EDE7142AC86CD4001288AE /* CampaignHome */ = {
			isa = PBXGroup;
			children = (
				594B766A2AA7026200ED71AF /* CampaignList.swift */,
				598F51E42AA8747E00A1C06B /* CampaignNew.swift */,
				594B766C2AA7050800ED71AF /* CampaignRow.swift */,
			);
			path = CampaignHome;
			sourceTree = "<group>";
		};
		59FBD1B22AC1E63400CCE713 /* DeckList */ = {
			isa = PBXGroup;
			children = (
				593223632A9CA7F300AA7751 /* DeckList.swift */,
				59992F562AAB0CE300C6307E /* DeckNew.swift */,
				593223612A9CA71200AA7751 /* DeckRow.swift */,
			);
			path = DeckList;
			sourceTree = "<group>";
		};
		59FD325A2AEE4B9200D9597B /* Keywords */ = {
			isa = PBXGroup;
			children = (
				59FD32562AEE4A8300D9597B /* Keyword.swift */,
				59FD32582AEE4B1800D9597B /* Keywords.swift */,
			);
			path = Keywords;
			sourceTree = "<group>";
		};
		59FD325B2AEE4D0900D9597B /* KeywordViews */ = {
			isa = PBXGroup;
			children = (
				59FD325E2AEE62EF00D9597B /* KeywordList.swift */,
				59FD325C2AEE4D2700D9597B /* KeywordView.swift */,
			);
			path = KeywordViews;
			sourceTree = "<group>";
		};
		729BF2972A95810800E67871 /* CampaignViews */ = {
			isa = PBXGroup;
			children = (
				59EDE7142AC86CD4001288AE /* CampaignHome */,
				599C55F02B00C6A0003D03CB /* CampaignMode */,
				5922F3DB2B2DB41D0037E4D4 /* CampaignToolbar */,
				5912EE222A93664B00B2F8B5 /* HelperViews */,
				599C55F52B00CB16003D03CB /* LegacyMode */,
				5932235B2A9C9D4100AA7751 /* ScenarioViews */,
			);
			path = CampaignViews;
			sourceTree = "<group>";
		};
		729BF2982A95812900E67871 /* DeckViews */ = {
			isa = PBXGroup;
			children = (
				59EA4DD52B4028D30078F7F8 /* DeckHome.swift */,
				59FBD1B22AC1E63400CCE713 /* DeckList */,
				5922F3D12B2D9F860037E4D4 /* DeckTool */,
				59EA4DD22B400FE80078F7F8 /* DeckView */,
			);
			path = DeckViews;
			sourceTree = "<group>";
		};
/* End PBXGroup section */

/* Begin PBXNativeTarget section */
		592264C62A90A993002A7648 /* RingsCards */ = {
			isa = PBXNativeTarget;
			buildConfigurationList = 592264EB2A90A995002A7648 /* Build configuration list for PBXNativeTarget "RingsCards" */;
			buildPhases = (
				592264C32A90A993002A7648 /* Sources */,
				592264C42A90A993002A7648 /* Frameworks */,
				592264C52A90A993002A7648 /* Resources */,
			);
			buildRules = (
			);
			dependencies = (
			);
			name = RingsCards;
			productName = RingsCards;
			productReference = 59D987702AC2B901008F6706 /* RingsCards.app */;
			productType = "com.apple.product-type.application";
		};
/* End PBXNativeTarget section */

/* Begin PBXProject section */
		592264BF2A90A993002A7648 /* Project object */ = {
			isa = PBXProject;
			attributes = {
				BuildIndependentTargetsInParallel = 1;
				LastSwiftUpdateCheck = 1420;
				LastUpgradeCheck = 1500;
				TargetAttributes = {
					592264C62A90A993002A7648 = {
						CreatedOnToolsVersion = 14.2;
					};
				};
			};
			buildConfigurationList = 592264C22A90A993002A7648 /* Build configuration list for PBXProject "RingsCards" */;
			compatibilityVersion = "Xcode 14.0";
			developmentRegion = en;
			hasScannedForEncodings = 0;
			knownRegions = (
				en,
				Base,
			);
			mainGroup = 592264BE2A90A993002A7648;
			productRefGroup = 592264BE2A90A993002A7648;
			projectDirPath = "";
			projectRoot = "";
			targets = (
				592264C62A90A993002A7648 /* RingsCards */,
			);
		};
/* End PBXProject section */

/* Begin PBXResourcesBuildPhase section */
		592264C52A90A993002A7648 /* Resources */ = {
			isa = PBXResourcesBuildPhase;
			buildActionMask = 2147483647;
			files = (
				59AFE7F12B29E4FA008AF007 /* SFUIText-Bold.ttf in Resources */,
				59AFE7E72B29E396008AF007 /* SFUIText-Regular.ttf in Resources */,
				59862D732A91F46000628449 /* Cards.json in Resources */,
				5939A0412A9B8973008DC370 /* Scenarios.json in Resources */,
				59AFE7F02B29E4FA008AF007 /* SFUIText-Italic.ttf in Resources */,
				59AFE7F32B29E56D008AF007 /* SFUIText-BoldItalic.ttf in Resources */,
				592264D22A90A995002A7648 /* Preview Assets.xcassets in Resources */,
				592264CF2A90A995002A7648 /* Assets.xcassets in Resources */,
			);
			runOnlyForDeploymentPostprocessing = 0;
		};
/* End PBXResourcesBuildPhase section */

/* Begin PBXSourcesBuildPhase section */
		592264C32A90A993002A7648 /* Sources */ = {
			isa = PBXSourcesBuildPhase;
			buildActionMask = 2147483647;
			files = (
				59B943FA2AC6BE8D0059C52A /* FilterButton.swift in Sources */,
				59A4E2C62AFEA71E00CE9BEA /* CampaignCardEdit.swift in Sources */,
				59E5F8FC2B029A2E0028BCFB /* CampaignHeroFallen.swift in Sources */,
				59862D752A91F62100628449 /* RingsData.swift in Sources */,
				59C87AF92AA5DDB70058CB2A /* CampaignEdit.swift in Sources */,
				59C87AF72AA5DB720058CB2A /* CampaignHost.swift in Sources */,
				59862D772A91FC4300628449 /* CardHome.swift in Sources */,
				591084152B2F6C5B000AF020 /* DeckCardInfo.swift in Sources */,
				5922F3D32B2D9FA30037E4D4 /* DeckInfo.swift in Sources */,
				594E38E22AD29EBC00577EE0 /* Packs.swift in Sources */,
				5932235D2A9C9D8300AA7751 /* ScenarioRow.swift in Sources */,
				59EA4DD42B4010290078F7F8 /* DeckViewHome.swift in Sources */,
				5912EE242A93668700B2F8B5 /* CardRow.swift in Sources */,
				59C140462AC1789A00A9F20C /* Deck.swift in Sources */,
				5922F3D52B2DA0510037E4D4 /* DeckSort.swift in Sources */,
				592264F52A90AB09002A7648 /* CardView.swift in Sources */,
				59FD325D2AEE4D2700D9597B /* KeywordView.swift in Sources */,
				598F51E52AA8747E00A1C06B /* CampaignNew.swift in Sources */,
				59C9B8B72A97438000520310 /* UserHost.swift in Sources */,
				59C82C222B13A5840073C4FA /* htmlToMarkdown.swift in Sources */,
				59EA4DD62B4028D30078F7F8 /* DeckHome.swift in Sources */,
				5951BA712AB061380047DE1F /* ScenarioChart.swift in Sources */,
				59EA4DDA2B4037D00078F7F8 /* CardInfo.swift in Sources */,
				5922F3DF2B2DB4880037E4D4 /* CampaignSort.swift in Sources */,
				59D835432AFF94A3000C160E /* ScenarioItem.swift in Sources */,
				59862D7B2A9217F600628449 /* CircleIcon.swift in Sources */,
				592264CD2A90A993002A7648 /* ContentView.swift in Sources */,
				5922F3DA2B2DB3B80037E4D4 /* ViewCampaignModel.swift in Sources */,
				595078752AC5D8FA007BFAA0 /* SortButton.swift in Sources */,
				59B1A3862AEFE29F00ADB701 /* EncounterList.swift in Sources */,
				59C9B8BB2A9751B700520310 /* UserEdit.swift in Sources */,
				59FD325F2AEE62EF00D9597B /* KeywordList.swift in Sources */,
				5932235F2A9C9ED400AA7751 /* ScenarioList.swift in Sources */,
				59992F572AAB0CE300C6307E /* DeckNew.swift in Sources */,
				593223642A9CA7F300AA7751 /* DeckList.swift in Sources */,
				592C485C2AFFDB7700BB67BF /* CampaignCardList.swift in Sources */,
				5922F3DD2B2DB4430037E4D4 /* CampaignInfo.swift in Sources */,
				595C7BE92A93985D0094E64F /* CompletedMark.swift in Sources */,
				595078672AC59A9F007BFAA0 /* CardDecoder.swift in Sources */,
				59C9B8B92A9743B500520310 /* UserView.swift in Sources */,
				595078722AC5D7D1007BFAA0 /* ViewCardModel.swift in Sources */,
				590874772AC3379A00E768F2 /* RingsUserData.swift in Sources */,
				59355A062AD2902000C894B3 /* PackRow.swift in Sources */,
				59E3C47A2B3C81ED00E74D0D /* CardList.swift in Sources */,
				5922F3D82B2DA7970037E4D4 /* ViewDeckModel.swift in Sources */,
				59C1404D2AC1C26500A9F20C /* DeckViewEdit.swift in Sources */,
				59D8353F2AFF8F3B000C160E /* ScenarioVStack.swift in Sources */,
				729BF2A52A95861800E67871 /* CampaignView.swift in Sources */,
				595A66B32A9DE8930040C952 /* SettingView.swift in Sources */,
				592264CB2A90A993002A7648 /* RingsCardsApp.swift in Sources */,
				590874752AC3346C00E768F2 /* ModelPreview.swift in Sources */,
				593216A02B39F8B800124EC6 /* PackIcon.swift in Sources */,
				5979A1BF2A9E4D6A00E1CAE1 /* Pack.swift in Sources */,
				59C82C242B13AECD0073C4FA /* iconsAndSpheres.swift in Sources */,
				59FD32572AEE4A8300D9597B /* Keyword.swift in Sources */,
				59C87AF12AA5CEC80058CB2A /* Campaign.swift in Sources */,
				5997196B2AC3011D0095AAE7 /* SampleDeck.swift in Sources */,
				59A844D22B01695600BC76D9 /* CampaignHeroList.swift in Sources */,
				59EDE7132AC8632F001288AE /* SampleCampaign.swift in Sources */,
				59FD32592AEE4B1800D9597B /* Keywords.swift in Sources */,
				59862D702A91F13100628449 /* Card.swift in Sources */,
				593223622A9CA71200AA7751 /* DeckRow.swift in Sources */,
				59C357442AAF5374009CA291 /* CardImage.swift in Sources */,
				590C5E352B04F23E0070445C /* CampaignDeckAdd.swift in Sources */,
				599719692AC300EC0095AAE7 /* PreviewModelContainer.swift in Sources */,
				59D835412AFF92A2000C160E /* CampaignHome.swift in Sources */,
				594B766B2AA7026200ED71AF /* CampaignList.swift in Sources */,
				59E5F8F62B027C6B0028BCFB /* CampaignDeckHost.swift in Sources */,
				596DD7EF2A9E161C00556B7B /* ScenarioView.swift in Sources */,
				5944A3DD2A9B3D5F00E6F562 /* Scenario.swift in Sources */,
				594B766D2AA7050800ED71AF /* CampaignRow.swift in Sources */,
				59C9B8B42A97430400520310 /* User.swift in Sources */,
				59355A082AD2962800C894B3 /* PackList.swift in Sources */,
			);
			runOnlyForDeploymentPostprocessing = 0;
		};
/* End PBXSourcesBuildPhase section */

/* Begin XCBuildConfiguration section */
		592264E92A90A995002A7648 /* Debug */ = {
			isa = XCBuildConfiguration;
			buildSettings = {
				ALWAYS_SEARCH_USER_PATHS = NO;
				ASSETCATALOG_COMPILER_GENERATE_SWIFT_ASSET_SYMBOL_EXTENSIONS = YES;
				CLANG_ANALYZER_NONNULL = YES;
				CLANG_ANALYZER_NUMBER_OBJECT_CONVERSION = YES_AGGRESSIVE;
				CLANG_CXX_LANGUAGE_STANDARD = "gnu++20";
				CLANG_ENABLE_MODULES = YES;
				CLANG_ENABLE_OBJC_ARC = YES;
				CLANG_ENABLE_OBJC_WEAK = YES;
				CLANG_WARN_BLOCK_CAPTURE_AUTORELEASING = YES;
				CLANG_WARN_BOOL_CONVERSION = YES;
				CLANG_WARN_COMMA = YES;
				CLANG_WARN_CONSTANT_CONVERSION = YES;
				CLANG_WARN_DEPRECATED_OBJC_IMPLEMENTATIONS = YES;
				CLANG_WARN_DIRECT_OBJC_ISA_USAGE = YES_ERROR;
				CLANG_WARN_DOCUMENTATION_COMMENTS = YES;
				CLANG_WARN_EMPTY_BODY = YES;
				CLANG_WARN_ENUM_CONVERSION = YES;
				CLANG_WARN_INFINITE_RECURSION = YES;
				CLANG_WARN_INT_CONVERSION = YES;
				CLANG_WARN_NON_LITERAL_NULL_CONVERSION = YES;
				CLANG_WARN_OBJC_IMPLICIT_RETAIN_SELF = YES;
				CLANG_WARN_OBJC_LITERAL_CONVERSION = YES;
				CLANG_WARN_OBJC_ROOT_CLASS = YES_ERROR;
				CLANG_WARN_QUOTED_INCLUDE_IN_FRAMEWORK_HEADER = YES;
				CLANG_WARN_RANGE_LOOP_ANALYSIS = YES;
				CLANG_WARN_STRICT_PROTOTYPES = YES;
				CLANG_WARN_SUSPICIOUS_MOVE = YES;
				CLANG_WARN_UNGUARDED_AVAILABILITY = YES_AGGRESSIVE;
				CLANG_WARN_UNREACHABLE_CODE = YES;
				CLANG_WARN__DUPLICATE_METHOD_MATCH = YES;
				COPY_PHASE_STRIP = NO;
				DEBUG_INFORMATION_FORMAT = dwarf;
				ENABLE_STRICT_OBJC_MSGSEND = YES;
				ENABLE_TESTABILITY = YES;
				ENABLE_USER_SCRIPT_SANDBOXING = YES;
				GCC_C_LANGUAGE_STANDARD = gnu17;
				GCC_DYNAMIC_NO_PIC = NO;
				GCC_NO_COMMON_BLOCKS = YES;
				GCC_OPTIMIZATION_LEVEL = 0;
				GCC_PREPROCESSOR_DEFINITIONS = (
					"DEBUG=1",
					"$(inherited)",
				);
				GCC_WARN_64_TO_32_BIT_CONVERSION = YES;
				GCC_WARN_ABOUT_RETURN_TYPE = YES_ERROR;
				GCC_WARN_UNDECLARED_SELECTOR = YES;
				GCC_WARN_UNINITIALIZED_AUTOS = YES_AGGRESSIVE;
				GCC_WARN_UNUSED_FUNCTION = YES;
				GCC_WARN_UNUSED_VARIABLE = YES;
				IPHONEOS_DEPLOYMENT_TARGET = 17.0;
				MTL_ENABLE_DEBUG_INFO = INCLUDE_SOURCE;
				MTL_FAST_MATH = YES;
				ONLY_ACTIVE_ARCH = YES;
				SDKROOT = iphoneos;
				SWIFT_ACTIVE_COMPILATION_CONDITIONS = DEBUG;
				SWIFT_OPTIMIZATION_LEVEL = "-Onone";
			};
			name = Debug;
		};
		592264EA2A90A995002A7648 /* Release */ = {
			isa = XCBuildConfiguration;
			buildSettings = {
				ALWAYS_SEARCH_USER_PATHS = NO;
				ASSETCATALOG_COMPILER_GENERATE_SWIFT_ASSET_SYMBOL_EXTENSIONS = YES;
				CLANG_ANALYZER_NONNULL = YES;
				CLANG_ANALYZER_NUMBER_OBJECT_CONVERSION = YES_AGGRESSIVE;
				CLANG_CXX_LANGUAGE_STANDARD = "gnu++20";
				CLANG_ENABLE_MODULES = YES;
				CLANG_ENABLE_OBJC_ARC = YES;
				CLANG_ENABLE_OBJC_WEAK = YES;
				CLANG_WARN_BLOCK_CAPTURE_AUTORELEASING = YES;
				CLANG_WARN_BOOL_CONVERSION = YES;
				CLANG_WARN_COMMA = YES;
				CLANG_WARN_CONSTANT_CONVERSION = YES;
				CLANG_WARN_DEPRECATED_OBJC_IMPLEMENTATIONS = YES;
				CLANG_WARN_DIRECT_OBJC_ISA_USAGE = YES_ERROR;
				CLANG_WARN_DOCUMENTATION_COMMENTS = YES;
				CLANG_WARN_EMPTY_BODY = YES;
				CLANG_WARN_ENUM_CONVERSION = YES;
				CLANG_WARN_INFINITE_RECURSION = YES;
				CLANG_WARN_INT_CONVERSION = YES;
				CLANG_WARN_NON_LITERAL_NULL_CONVERSION = YES;
				CLANG_WARN_OBJC_IMPLICIT_RETAIN_SELF = YES;
				CLANG_WARN_OBJC_LITERAL_CONVERSION = YES;
				CLANG_WARN_OBJC_ROOT_CLASS = YES_ERROR;
				CLANG_WARN_QUOTED_INCLUDE_IN_FRAMEWORK_HEADER = YES;
				CLANG_WARN_RANGE_LOOP_ANALYSIS = YES;
				CLANG_WARN_STRICT_PROTOTYPES = YES;
				CLANG_WARN_SUSPICIOUS_MOVE = YES;
				CLANG_WARN_UNGUARDED_AVAILABILITY = YES_AGGRESSIVE;
				CLANG_WARN_UNREACHABLE_CODE = YES;
				CLANG_WARN__DUPLICATE_METHOD_MATCH = YES;
				COPY_PHASE_STRIP = NO;
				DEBUG_INFORMATION_FORMAT = "dwarf-with-dsym";
				ENABLE_NS_ASSERTIONS = NO;
				ENABLE_STRICT_OBJC_MSGSEND = YES;
				ENABLE_USER_SCRIPT_SANDBOXING = YES;
				GCC_C_LANGUAGE_STANDARD = gnu17;
				GCC_NO_COMMON_BLOCKS = YES;
				GCC_WARN_64_TO_32_BIT_CONVERSION = YES;
				GCC_WARN_ABOUT_RETURN_TYPE = YES_ERROR;
				GCC_WARN_UNDECLARED_SELECTOR = YES;
				GCC_WARN_UNINITIALIZED_AUTOS = YES_AGGRESSIVE;
				GCC_WARN_UNUSED_FUNCTION = YES;
				GCC_WARN_UNUSED_VARIABLE = YES;
				IPHONEOS_DEPLOYMENT_TARGET = 17.0;
				MTL_ENABLE_DEBUG_INFO = NO;
				MTL_FAST_MATH = YES;
				SDKROOT = iphoneos;
				SWIFT_COMPILATION_MODE = wholemodule;
				SWIFT_OPTIMIZATION_LEVEL = "-O";
				VALIDATE_PRODUCT = YES;
			};
			name = Release;
		};
		592264EC2A90A995002A7648 /* Debug */ = {
			isa = XCBuildConfiguration;
			buildSettings = {
				ASSETCATALOG_COMPILER_APPICON_NAME = AppIcon;
				ASSETCATALOG_COMPILER_GLOBAL_ACCENT_COLOR_NAME = AccentColor;
				CODE_SIGN_STYLE = Automatic;
				CURRENT_PROJECT_VERSION = 1;
				DEVELOPMENT_ASSET_PATHS = "\"RingsCards/Preview Content\"";
				DEVELOPMENT_TEAM = MQ5V24PMU2;
				ENABLE_PREVIEWS = YES;
				GENERATE_INFOPLIST_FILE = YES;
				INFOPLIST_FILE = RingsCards/Info.plist;
				INFOPLIST_KEY_UIApplicationSceneManifest_Generation = YES;
				INFOPLIST_KEY_UIApplicationSupportsIndirectInputEvents = YES;
				INFOPLIST_KEY_UILaunchScreen_Generation = YES;
				INFOPLIST_KEY_UIRequiresFullScreen = YES;
				INFOPLIST_KEY_UISupportedInterfaceOrientations = UIInterfaceOrientationPortrait;
				LD_RUNPATH_SEARCH_PATHS = (
					"$(inherited)",
					"@executable_path/Frameworks",
				);
				MARKETING_VERSION = 1.0;
				PRODUCT_BUNDLE_IDENTIFIER = LotR.RingsCards;
				PRODUCT_NAME = "$(TARGET_NAME)";
				SWIFT_EMIT_LOC_STRINGS = YES;
				SWIFT_VERSION = 5.0;
				TARGETED_DEVICE_FAMILY = "1,2";
			};
			name = Debug;
		};
		592264ED2A90A995002A7648 /* Release */ = {
			isa = XCBuildConfiguration;
			buildSettings = {
				ASSETCATALOG_COMPILER_APPICON_NAME = AppIcon;
				ASSETCATALOG_COMPILER_GLOBAL_ACCENT_COLOR_NAME = AccentColor;
				CODE_SIGN_STYLE = Automatic;
				CURRENT_PROJECT_VERSION = 1;
				DEVELOPMENT_ASSET_PATHS = "\"RingsCards/Preview Content\"";
				DEVELOPMENT_TEAM = MQ5V24PMU2;
				ENABLE_PREVIEWS = YES;
				GENERATE_INFOPLIST_FILE = YES;
				INFOPLIST_FILE = RingsCards/Info.plist;
				INFOPLIST_KEY_UIApplicationSceneManifest_Generation = YES;
				INFOPLIST_KEY_UIApplicationSupportsIndirectInputEvents = YES;
				INFOPLIST_KEY_UILaunchScreen_Generation = YES;
				INFOPLIST_KEY_UIRequiresFullScreen = YES;
				INFOPLIST_KEY_UISupportedInterfaceOrientations = UIInterfaceOrientationPortrait;
				LD_RUNPATH_SEARCH_PATHS = (
					"$(inherited)",
					"@executable_path/Frameworks",
				);
				MARKETING_VERSION = 1.0;
				PRODUCT_BUNDLE_IDENTIFIER = LotR.RingsCards;
				PRODUCT_NAME = "$(TARGET_NAME)";
				SWIFT_EMIT_LOC_STRINGS = YES;
				SWIFT_VERSION = 5.0;
				TARGETED_DEVICE_FAMILY = "1,2";
			};
			name = Release;
		};
/* End XCBuildConfiguration section */

/* Begin XCConfigurationList section */
		592264C22A90A993002A7648 /* Build configuration list for PBXProject "RingsCards" */ = {
			isa = XCConfigurationList;
			buildConfigurations = (
				592264E92A90A995002A7648 /* Debug */,
				592264EA2A90A995002A7648 /* Release */,
			);
			defaultConfigurationIsVisible = 0;
			defaultConfigurationName = Release;
		};
		592264EB2A90A995002A7648 /* Build configuration list for PBXNativeTarget "RingsCards" */ = {
			isa = XCConfigurationList;
			buildConfigurations = (
				592264EC2A90A995002A7648 /* Debug */,
				592264ED2A90A995002A7648 /* Release */,
			);
			defaultConfigurationIsVisible = 0;
			defaultConfigurationName = Release;
		};
/* End XCConfigurationList section */
	};
	rootObject = 592264BF2A90A993002A7648 /* Project object */;
}
