// !$*UTF8*$!
{
	archiveVersion = 1;
	classes = {
	};
	objectVersion = 56;
	objects = {

/* Begin PBXBuildFile section */
		59048F622C5E7CA900718999 /* CardCount.swift in Sources */ = {isa = PBXBuildFile; fileRef = 59048F612C5E7CA900718999 /* CardCount.swift */; };
		590874752AC3346C00E768F2 /* ModelPreview.swift in Sources */ = {isa = PBXBuildFile; fileRef = 590874742AC3346C00E768F2 /* ModelPreview.swift */; };
		590874772AC3379A00E768F2 /* RingsUserData.swift in Sources */ = {isa = PBXBuildFile; fileRef = 590874762AC3379A00E768F2 /* RingsUserData.swift */; };
		590E53972B69500E0009E5A3 /* SupportHome.swift in Sources */ = {isa = PBXBuildFile; fileRef = 590E53962B69500E0009E5A3 /* SupportHome.swift */; };
		5912EE242A93668700B2F8B5 /* CardRow.swift in Sources */ = {isa = PBXBuildFile; fileRef = 5912EE232A93668700B2F8B5 /* CardRow.swift */; };
		591DEF272C660F7E008279E9 /* TransitionStyle.swift in Sources */ = {isa = PBXBuildFile; fileRef = 591DEF262C660F7E008279E9 /* TransitionStyle.swift */; };
		591DEF292C661367008279E9 /* DeckCostChart.swift in Sources */ = {isa = PBXBuildFile; fileRef = 591DEF282C661367008279E9 /* DeckCostChart.swift */; };
		591DEF2B2C661CEE008279E9 /* DeckStatChart.swift in Sources */ = {isa = PBXBuildFile; fileRef = 591DEF2A2C661CEE008279E9 /* DeckStatChart.swift */; };
		591DEF2D2C662239008279E9 /* DeckCostLineChart.swift in Sources */ = {isa = PBXBuildFile; fileRef = 591DEF2C2C662239008279E9 /* DeckCostLineChart.swift */; };
		591DEF2F2C663AFB008279E9 /* DeckChartVStack.swift in Sources */ = {isa = PBXBuildFile; fileRef = 591DEF2E2C663AFB008279E9 /* DeckChartVStack.swift */; };
		591DEF312C6663C4008279E9 /* DeckTypeChart.swift in Sources */ = {isa = PBXBuildFile; fileRef = 591DEF302C6663C4008279E9 /* DeckTypeChart.swift */; };
		592264CB2A90A993002A7648 /* RingsCardsApp.swift in Sources */ = {isa = PBXBuildFile; fileRef = 592264CA2A90A993002A7648 /* RingsCardsApp.swift */; };
		592264CD2A90A993002A7648 /* ContentView.swift in Sources */ = {isa = PBXBuildFile; fileRef = 592264CC2A90A993002A7648 /* ContentView.swift */; };
		592264CF2A90A995002A7648 /* Assets.xcassets in Resources */ = {isa = PBXBuildFile; fileRef = 592264CE2A90A995002A7648 /* Assets.xcassets */; };
		592264D22A90A995002A7648 /* Preview Assets.xcassets in Resources */ = {isa = PBXBuildFile; fileRef = 592264D12A90A995002A7648 /* Preview Assets.xcassets */; };
		592264F52A90AB09002A7648 /* CardView.swift in Sources */ = {isa = PBXBuildFile; fileRef = 592264F42A90AB09002A7648 /* CardView.swift */; };
		5922F3D32B2D9FA30037E4D4 /* DeckInfo.swift in Sources */ = {isa = PBXBuildFile; fileRef = 5922F3D22B2D9FA30037E4D4 /* DeckInfo.swift */; };
		5922F3D52B2DA0510037E4D4 /* DeckSortButton.swift in Sources */ = {isa = PBXBuildFile; fileRef = 5922F3D42B2DA0510037E4D4 /* DeckSortButton.swift */; };
		5922F3D82B2DA7970037E4D4 /* ViewDeckModel.swift in Sources */ = {isa = PBXBuildFile; fileRef = 5922F3D72B2DA7970037E4D4 /* ViewDeckModel.swift */; };
		5922F3DA2B2DB3B80037E4D4 /* ViewCampaignModel.swift in Sources */ = {isa = PBXBuildFile; fileRef = 5922F3D92B2DB3B80037E4D4 /* ViewCampaignModel.swift */; };
		5922F3DD2B2DB4430037E4D4 /* CampaignInfo.swift in Sources */ = {isa = PBXBuildFile; fileRef = 5922F3DC2B2DB4430037E4D4 /* CampaignInfo.swift */; };
		5922F3DF2B2DB4880037E4D4 /* CampaignSortButton.swift in Sources */ = {isa = PBXBuildFile; fileRef = 5922F3DE2B2DB4880037E4D4 /* CampaignSortButton.swift */; };
		592ACE642B865A46001612C7 /* Packs.json in Resources */ = {isa = PBXBuildFile; fileRef = 592ACE632B865A46001612C7 /* Packs.json */; };
		592ACE662B8682F0001612C7 /* PackDecoder.swift in Sources */ = {isa = PBXBuildFile; fileRef = 592ACE652B8682F0001612C7 /* PackDecoder.swift */; };
		592ACE692B87A799001612C7 /* GroupBoxStyle.swift in Sources */ = {isa = PBXBuildFile; fileRef = 592ACE682B87A799001612C7 /* GroupBoxStyle.swift */; };
		592E0D302BB0381E000CE62E /* CardSearchButton.swift in Sources */ = {isa = PBXBuildFile; fileRef = 592E0D2F2BB0381E000CE62E /* CardSearchButton.swift */; };
		593216A02B39F8B800124EC6 /* PackIcon.swift in Sources */ = {isa = PBXBuildFile; fileRef = 5932169F2B39F8B800124EC6 /* PackIcon.swift */; };
		593223622A9CA71200AA7751 /* DeckRow.swift in Sources */ = {isa = PBXBuildFile; fileRef = 593223612A9CA71200AA7751 /* DeckRow.swift */; };
		593223642A9CA7F300AA7751 /* DeckList.swift in Sources */ = {isa = PBXBuildFile; fileRef = 593223632A9CA7F300AA7751 /* DeckList.swift */; };
		593282692B4850D200914E92 /* Scenario.swift in Sources */ = {isa = PBXBuildFile; fileRef = 593282682B4850D200914E92 /* Scenario.swift */; };
		5932826B2B4858FF00914E92 /* ScenarioDecoder.swift in Sources */ = {isa = PBXBuildFile; fileRef = 5932826A2B4858FF00914E92 /* ScenarioDecoder.swift */; };
		5933509E2C590C0800CD2F5A /* CardVStack.swift in Sources */ = {isa = PBXBuildFile; fileRef = 5933509D2C590C0800CD2F5A /* CardVStack.swift */; };
		59355A062AD2902000C894B3 /* PackRow.swift in Sources */ = {isa = PBXBuildFile; fileRef = 59355A052AD2902000C894B3 /* PackRow.swift */; };
		59355A082AD2962800C894B3 /* PackList.swift in Sources */ = {isa = PBXBuildFile; fileRef = 59355A072AD2962800C894B3 /* PackList.swift */; };
		593A3EF42B99B2C80030FDCC /* CampaignScenarioInfo.swift in Sources */ = {isa = PBXBuildFile; fileRef = 593A3EF32B99B2C80030FDCC /* CampaignScenarioInfo.swift */; };
		593A3EF62B99EA520030FDCC /* ScenarioCompleted.swift in Sources */ = {isa = PBXBuildFile; fileRef = 593A3EF52B99EA520030FDCC /* ScenarioCompleted.swift */; };
		593FEFCA2C9B1B3100D55BB9 /* OnboardingView.swift in Sources */ = {isa = PBXBuildFile; fileRef = 593FEFC92C9B1B3100D55BB9 /* OnboardingView.swift */; };
		594AB53D2B4352260075D176 /* AppSidebarList.swift in Sources */ = {isa = PBXBuildFile; fileRef = 594AB53C2B4352260075D176 /* AppSidebarList.swift */; };
		594AB53F2B4352500075D176 /* AppDetailColumn.swift in Sources */ = {isa = PBXBuildFile; fileRef = 594AB53E2B4352500075D176 /* AppDetailColumn.swift */; };
		594B766B2AA7026200ED71AF /* CampaignList.swift in Sources */ = {isa = PBXBuildFile; fileRef = 594B766A2AA7026200ED71AF /* CampaignList.swift */; };
		594B766D2AA7050800ED71AF /* CampaignRow.swift in Sources */ = {isa = PBXBuildFile; fileRef = 594B766C2AA7050800ED71AF /* CampaignRow.swift */; };
		595078672AC59A9F007BFAA0 /* CardDecoder.swift in Sources */ = {isa = PBXBuildFile; fileRef = 595078662AC59A9F007BFAA0 /* CardDecoder.swift */; };
		595078722AC5D7D1007BFAA0 /* ViewCardModel.swift in Sources */ = {isa = PBXBuildFile; fileRef = 595078712AC5D7D1007BFAA0 /* ViewCardModel.swift */; };
		595078752AC5D8FA007BFAA0 /* CardSortButton.swift in Sources */ = {isa = PBXBuildFile; fileRef = 595078742AC5D8FA007BFAA0 /* CardSortButton.swift */; };
		595A66B32A9DE8930040C952 /* SettingHome.swift in Sources */ = {isa = PBXBuildFile; fileRef = 595A66B22A9DE8930040C952 /* SettingHome.swift */; };
		595C7BE92A93985D0094E64F /* ScenarioViewMark.swift in Sources */ = {isa = PBXBuildFile; fileRef = 595C7BE82A93985D0094E64F /* ScenarioViewMark.swift */; };
		596866572B98D060004442CA /* DeckCardInfo.swift in Sources */ = {isa = PBXBuildFile; fileRef = 596866562B98D060004442CA /* DeckCardInfo.swift */; };
		596DD7EF2A9E161C00556B7B /* ScenarioViewHome.swift in Sources */ = {isa = PBXBuildFile; fileRef = 596DD7EE2A9E161C00556B7B /* ScenarioViewHome.swift */; };
		597341D02BD5706400E38EA7 /* Scenarios.json in Resources */ = {isa = PBXBuildFile; fileRef = 597341CF2BD5706400E38EA7 /* Scenarios.json */; };
		59735A9C2C29749000F5E0AD /* ProgressStyle.swift in Sources */ = {isa = PBXBuildFile; fileRef = 59735A9B2C29749000F5E0AD /* ProgressStyle.swift */; };
		59735A9E2C29D81400F5E0AD /* DeckChart.swift in Sources */ = {isa = PBXBuildFile; fileRef = 59735A9D2C29D81400F5E0AD /* DeckChart.swift */; };
		59735AA02C2B0CAD00F5E0AD /* DeckHeroImages.swift in Sources */ = {isa = PBXBuildFile; fileRef = 59735A9F2C2B0CAD00F5E0AD /* DeckHeroImages.swift */; };
		59735AA22C2C7C5C00F5E0AD /* CampaignImage.swift in Sources */ = {isa = PBXBuildFile; fileRef = 59735AA12C2C7C5C00F5E0AD /* CampaignImage.swift */; };
		59735AA42C2C7C8C00F5E0AD /* CampaignProgress.swift in Sources */ = {isa = PBXBuildFile; fileRef = 59735AA32C2C7C8C00F5E0AD /* CampaignProgress.swift */; };
		5979A1BF2A9E4D6A00E1CAE1 /* Pack.swift in Sources */ = {isa = PBXBuildFile; fileRef = 5979A1BE2A9E4D6A00E1CAE1 /* Pack.swift */; };
		59809C6E2B444FDE004BD1F2 /* DeckNewButton.swift in Sources */ = {isa = PBXBuildFile; fileRef = 59809C6D2B444FDE004BD1F2 /* DeckNewButton.swift */; };
		59809C702B44542F004BD1F2 /* DeckViewButton.swift in Sources */ = {isa = PBXBuildFile; fileRef = 59809C6F2B44542F004BD1F2 /* DeckViewButton.swift */; };
		59809C722B4457F4004BD1F2 /* DeckEditButton.swift in Sources */ = {isa = PBXBuildFile; fileRef = 59809C712B4457F4004BD1F2 /* DeckEditButton.swift */; };
		59862D702A91F13100628449 /* Card.swift in Sources */ = {isa = PBXBuildFile; fileRef = 59862D6F2A91F13100628449 /* Card.swift */; };
		59862D732A91F46000628449 /* Cards.json in Resources */ = {isa = PBXBuildFile; fileRef = 59862D722A91F46000628449 /* Cards.json */; };
		59862D772A91FC4300628449 /* CardHome.swift in Sources */ = {isa = PBXBuildFile; fileRef = 59862D762A91FC4300628449 /* CardHome.swift */; };
		59862D7B2A9217F600628449 /* ScenarioViewIcon.swift in Sources */ = {isa = PBXBuildFile; fileRef = 59862D7A2A9217F600628449 /* ScenarioViewIcon.swift */; };
		5987EC402C95819100F4B708 /* MotKCapsule.swift in Sources */ = {isa = PBXBuildFile; fileRef = 5987EC3F2C95819100F4B708 /* MotKCapsule.swift */; };
		598DA6692CAC044E0063A4F9 /* IndicatorView.swift in Sources */ = {isa = PBXBuildFile; fileRef = 598DA6682CAC044E0063A4F9 /* IndicatorView.swift */; };
		598F51E52AA8747E00A1C06B /* CampaignNew.swift in Sources */ = {isa = PBXBuildFile; fileRef = 598F51E42AA8747E00A1C06B /* CampaignNew.swift */; };
		5995963E2B46AE31009D294C /* CampaignHome.swift in Sources */ = {isa = PBXBuildFile; fileRef = 5995963D2B46AE31009D294C /* CampaignHome.swift */; };
		599719692AC300EC0095AAE7 /* PreviewModelContainer.swift in Sources */ = {isa = PBXBuildFile; fileRef = 599719682AC300EC0095AAE7 /* PreviewModelContainer.swift */; };
		5997196B2AC3011D0095AAE7 /* SampleDeck.swift in Sources */ = {isa = PBXBuildFile; fileRef = 5997196A2AC3011D0095AAE7 /* SampleDeck.swift */; };
		5998F7E22C8898A70005CDA1 /* DeckCampaignList.swift in Sources */ = {isa = PBXBuildFile; fileRef = 5998F7E12C8898A70005CDA1 /* DeckCampaignList.swift */; };
		59992F572AAB0CE300C6307E /* DeckNew.swift in Sources */ = {isa = PBXBuildFile; fileRef = 59992F562AAB0CE300C6307E /* DeckNew.swift */; };
		599A61592C5BB17100DA3F74 /* ScenarioViewDonut.swift in Sources */ = {isa = PBXBuildFile; fileRef = 599A61582C5BB17100DA3F74 /* ScenarioViewDonut.swift */; };
		59A4E2C62AFEA71E00CE9BEA /* CampaignCardEdit.swift in Sources */ = {isa = PBXBuildFile; fileRef = 59A4E2C52AFEA71E00CE9BEA /* CampaignCardEdit.swift */; };
		59A5E6582B43345F0028A3DE /* AppScreen.swift in Sources */ = {isa = PBXBuildFile; fileRef = 59A5E6572B43345F0028A3DE /* AppScreen.swift */; };
		59A5E65A2B4335E20028A3DE /* AppTabView.swift in Sources */ = {isa = PBXBuildFile; fileRef = 59A5E6592B4335E20028A3DE /* AppTabView.swift */; };
		59AD9C3E2C87487B00CF978B /* DeckCampaignButton.swift in Sources */ = {isa = PBXBuildFile; fileRef = 59AD9C3D2C87487B00CF978B /* DeckCampaignButton.swift */; };
		59AFE7E72B29E396008AF007 /* SFUIText-Regular.ttf in Resources */ = {isa = PBXBuildFile; fileRef = 59AFE7E62B29E396008AF007 /* SFUIText-Regular.ttf */; };
		59AFE7F02B29E4FA008AF007 /* SFUIText-Italic.ttf in Resources */ = {isa = PBXBuildFile; fileRef = 59AFE7EE2B29E4FA008AF007 /* SFUIText-Italic.ttf */; };
		59AFE7F12B29E4FA008AF007 /* SFUIText-Bold.ttf in Resources */ = {isa = PBXBuildFile; fileRef = 59AFE7EF2B29E4FA008AF007 /* SFUIText-Bold.ttf */; };
		59AFE7F32B29E56D008AF007 /* SFUIText-BoldItalic.ttf in Resources */ = {isa = PBXBuildFile; fileRef = 59AFE7F22B29E56D008AF007 /* SFUIText-BoldItalic.ttf */; };
		59B1A3862AEFE29F00ADB701 /* ScenarioViewEncounter.swift in Sources */ = {isa = PBXBuildFile; fileRef = 59B1A3852AEFE29F00ADB701 /* ScenarioViewEncounter.swift */; };
		59B943FA2AC6BE8D0059C52A /* CardFilterButton.swift in Sources */ = {isa = PBXBuildFile; fileRef = 59B943F92AC6BE8D0059C52A /* CardFilterButton.swift */; };
		59BD5AAE2C5CDA2F00A84157 /* CardRingsButton.swift in Sources */ = {isa = PBXBuildFile; fileRef = 59BD5AAD2C5CDA2F00A84157 /* CardRingsButton.swift */; };
		59BD5AB02C5CE00700A84157 /* CardFaqButton.swift in Sources */ = {isa = PBXBuildFile; fileRef = 59BD5AAF2C5CE00700A84157 /* CardFaqButton.swift */; };
		59C140462AC1789A00A9F20C /* Deck.swift in Sources */ = {isa = PBXBuildFile; fileRef = 59C140452AC1789A00A9F20C /* Deck.swift */; };
		59C1404D2AC1C26500A9F20C /* DeckCardEdit.swift in Sources */ = {isa = PBXBuildFile; fileRef = 59C1404C2AC1C26500A9F20C /* DeckCardEdit.swift */; };
		59C357442AAF5374009CA291 /* CardImage.swift in Sources */ = {isa = PBXBuildFile; fileRef = 59C357432AAF5374009CA291 /* CardImage.swift */; };
		59C779582B7914AC002AFB03 /* Rules.json in Resources */ = {isa = PBXBuildFile; fileRef = 59C779572B7914AC002AFB03 /* Rules.json */; };
		59C7795B2B791558002AFB03 /* Rule.swift in Sources */ = {isa = PBXBuildFile; fileRef = 59C7795A2B791558002AFB03 /* Rule.swift */; };
		59C7795D2B79167C002AFB03 /* RuleDecoder.swift in Sources */ = {isa = PBXBuildFile; fileRef = 59C7795C2B79167C002AFB03 /* RuleDecoder.swift */; };
		59C779602B791836002AFB03 /* RuleList.swift in Sources */ = {isa = PBXBuildFile; fileRef = 59C7795F2B791836002AFB03 /* RuleList.swift */; };
		59C779622B791A0D002AFB03 /* RuleView.swift in Sources */ = {isa = PBXBuildFile; fileRef = 59C779612B791A0D002AFB03 /* RuleView.swift */; };
		59C779642B7935E4002AFB03 /* ViewRuleModel.swift in Sources */ = {isa = PBXBuildFile; fileRef = 59C779632B7935E4002AFB03 /* ViewRuleModel.swift */; };
		59C779662B7BFA05002AFB03 /* Errata.json in Resources */ = {isa = PBXBuildFile; fileRef = 59C779652B7BFA05002AFB03 /* Errata.json */; };
		59C779692B7BFAFF002AFB03 /* Erratum.swift in Sources */ = {isa = PBXBuildFile; fileRef = 59C779682B7BFAFF002AFB03 /* Erratum.swift */; };
		59C7796B2B7BFB42002AFB03 /* ErratumDecoder.swift in Sources */ = {isa = PBXBuildFile; fileRef = 59C7796A2B7BFB42002AFB03 /* ErratumDecoder.swift */; };
		59C82C222B13A5840073C4FA /* htmlToMarkdown.swift in Sources */ = {isa = PBXBuildFile; fileRef = 59C82C212B13A5840073C4FA /* htmlToMarkdown.swift */; };
		59C82C242B13AECD0073C4FA /* iconsAndSpheres.swift in Sources */ = {isa = PBXBuildFile; fileRef = 59C82C232B13AECD0073C4FA /* iconsAndSpheres.swift */; };
		59C87AF12AA5CEC80058CB2A /* Campaign.swift in Sources */ = {isa = PBXBuildFile; fileRef = 59C87AF02AA5CEC80058CB2A /* Campaign.swift */; };
		59C87AF72AA5DB720058CB2A /* CampaignHost.swift in Sources */ = {isa = PBXBuildFile; fileRef = 59C87AF62AA5DB720058CB2A /* CampaignHost.swift */; };
		59C87AF92AA5DDB70058CB2A /* CampaignEdit.swift in Sources */ = {isa = PBXBuildFile; fileRef = 59C87AF82AA5DDB70058CB2A /* CampaignEdit.swift */; };
		59CC78D42B46DF2600F29E18 /* CampaignNewButton.swift in Sources */ = {isa = PBXBuildFile; fileRef = 59CC78D32B46DF2600F29E18 /* CampaignNewButton.swift */; };
		59CC78D72B46E57E00F29E18 /* CampaignBoonButton.swift in Sources */ = {isa = PBXBuildFile; fileRef = 59CC78D62B46E57E00F29E18 /* CampaignBoonButton.swift */; };
		59CC78D92B46E58E00F29E18 /* CampaignNoteButton.swift in Sources */ = {isa = PBXBuildFile; fileRef = 59CC78D82B46E58E00F29E18 /* CampaignNoteButton.swift */; };
		59D8353F2AFF8F3B000C160E /* ScenarioVStack.swift in Sources */ = {isa = PBXBuildFile; fileRef = 59D8353E2AFF8F3B000C160E /* ScenarioVStack.swift */; };
		59D835412AFF92A2000C160E /* CampaignViewHome.swift in Sources */ = {isa = PBXBuildFile; fileRef = 59D835402AFF92A2000C160E /* CampaignViewHome.swift */; };
		59D835432AFF94A3000C160E /* ScenarioItem.swift in Sources */ = {isa = PBXBuildFile; fileRef = 59D835422AFF94A3000C160E /* ScenarioItem.swift */; };
		59E3C47A2B3C81ED00E74D0D /* CardList.swift in Sources */ = {isa = PBXBuildFile; fileRef = 59E3C4792B3C81ED00E74D0D /* CardList.swift */; };
		59EA4DD42B4010290078F7F8 /* DeckViewHome.swift in Sources */ = {isa = PBXBuildFile; fileRef = 59EA4DD32B4010290078F7F8 /* DeckViewHome.swift */; };
		59EA4DD62B4028D30078F7F8 /* DeckHome.swift in Sources */ = {isa = PBXBuildFile; fileRef = 59EA4DD52B4028D30078F7F8 /* DeckHome.swift */; };
		59EA4DDA2B4037D00078F7F8 /* CardInfo.swift in Sources */ = {isa = PBXBuildFile; fileRef = 59EA4DD92B4037D00078F7F8 /* CardInfo.swift */; };
		59EBC8632C64FAA600F24A63 /* DeckSphereChart.swift in Sources */ = {isa = PBXBuildFile; fileRef = 59EBC8622C64FAA600F24A63 /* DeckSphereChart.swift */; };
		59EBC8652C650DFB00F24A63 /* DeckStatButton.swift in Sources */ = {isa = PBXBuildFile; fileRef = 59EBC8642C650DFB00F24A63 /* DeckStatButton.swift */; };
		59EDE7132AC8632F001288AE /* SampleCampaign.swift in Sources */ = {isa = PBXBuildFile; fileRef = 59EDE7122AC8632F001288AE /* SampleCampaign.swift */; };
		59FD325F2AEE62EF00D9597B /* ScenarioKeywordList.swift in Sources */ = {isa = PBXBuildFile; fileRef = 59FD325E2AEE62EF00D9597B /* ScenarioKeywordList.swift */; };
		59FD61BE2B5C1F2800C7EA67 /* CheckBoxStyle.swift in Sources */ = {isa = PBXBuildFile; fileRef = 59FD61BD2B5C1F2800C7EA67 /* CheckBoxStyle.swift */; };
		729BF2A52A95861800E67871 /* CampaignView.swift in Sources */ = {isa = PBXBuildFile; fileRef = 729BF2A42A95861800E67871 /* CampaignView.swift */; };
		F8443BFA2B7E4B630032AA7F /* Router.swift in Sources */ = {isa = PBXBuildFile; fileRef = F8443BF92B7E4B630032AA7F /* Router.swift */; };
/* End PBXBuildFile section */

/* Begin PBXFileReference section */
		59048F612C5E7CA900718999 /* CardCount.swift */ = {isa = PBXFileReference; fileEncoding = 4; lastKnownFileType = sourcecode.swift; path = CardCount.swift; sourceTree = "<group>"; };
		590874742AC3346C00E768F2 /* ModelPreview.swift */ = {isa = PBXFileReference; lastKnownFileType = sourcecode.swift; path = ModelPreview.swift; sourceTree = "<group>"; };
		590874762AC3379A00E768F2 /* RingsUserData.swift */ = {isa = PBXFileReference; lastKnownFileType = sourcecode.swift; path = RingsUserData.swift; sourceTree = "<group>"; };
		590E53962B69500E0009E5A3 /* SupportHome.swift */ = {isa = PBXFileReference; lastKnownFileType = sourcecode.swift; path = SupportHome.swift; sourceTree = "<group>"; };
		5912EE232A93668700B2F8B5 /* CardRow.swift */ = {isa = PBXFileReference; lastKnownFileType = sourcecode.swift; path = CardRow.swift; sourceTree = "<group>"; };
		591DEF262C660F7E008279E9 /* TransitionStyle.swift */ = {isa = PBXFileReference; lastKnownFileType = sourcecode.swift; path = TransitionStyle.swift; sourceTree = "<group>"; };
		591DEF282C661367008279E9 /* DeckCostChart.swift */ = {isa = PBXFileReference; lastKnownFileType = sourcecode.swift; path = DeckCostChart.swift; sourceTree = "<group>"; };
		591DEF2A2C661CEE008279E9 /* DeckStatChart.swift */ = {isa = PBXFileReference; lastKnownFileType = sourcecode.swift; path = DeckStatChart.swift; sourceTree = "<group>"; };
		591DEF2C2C662239008279E9 /* DeckCostLineChart.swift */ = {isa = PBXFileReference; lastKnownFileType = sourcecode.swift; path = DeckCostLineChart.swift; sourceTree = "<group>"; };
		591DEF2E2C663AFB008279E9 /* DeckChartVStack.swift */ = {isa = PBXFileReference; lastKnownFileType = sourcecode.swift; path = DeckChartVStack.swift; sourceTree = "<group>"; };
		591DEF302C6663C4008279E9 /* DeckTypeChart.swift */ = {isa = PBXFileReference; lastKnownFileType = sourcecode.swift; path = DeckTypeChart.swift; sourceTree = "<group>"; };
		592264CA2A90A993002A7648 /* RingsCardsApp.swift */ = {isa = PBXFileReference; lastKnownFileType = sourcecode.swift; path = RingsCardsApp.swift; sourceTree = "<group>"; };
		592264CC2A90A993002A7648 /* ContentView.swift */ = {isa = PBXFileReference; lastKnownFileType = sourcecode.swift; path = ContentView.swift; sourceTree = "<group>"; };
		592264CE2A90A995002A7648 /* Assets.xcassets */ = {isa = PBXFileReference; lastKnownFileType = folder.assetcatalog; path = Assets.xcassets; sourceTree = "<group>"; };
		592264D12A90A995002A7648 /* Preview Assets.xcassets */ = {isa = PBXFileReference; lastKnownFileType = folder.assetcatalog; path = "Preview Assets.xcassets"; sourceTree = "<group>"; };
		592264F42A90AB09002A7648 /* CardView.swift */ = {isa = PBXFileReference; lastKnownFileType = sourcecode.swift; path = CardView.swift; sourceTree = "<group>"; };
		5922F3D22B2D9FA30037E4D4 /* DeckInfo.swift */ = {isa = PBXFileReference; lastKnownFileType = sourcecode.swift; path = DeckInfo.swift; sourceTree = "<group>"; };
		5922F3D42B2DA0510037E4D4 /* DeckSortButton.swift */ = {isa = PBXFileReference; lastKnownFileType = sourcecode.swift; path = DeckSortButton.swift; sourceTree = "<group>"; };
		5922F3D72B2DA7970037E4D4 /* ViewDeckModel.swift */ = {isa = PBXFileReference; fileEncoding = 4; lastKnownFileType = sourcecode.swift; path = ViewDeckModel.swift; sourceTree = "<group>"; };
		5922F3D92B2DB3B80037E4D4 /* ViewCampaignModel.swift */ = {isa = PBXFileReference; lastKnownFileType = sourcecode.swift; path = ViewCampaignModel.swift; sourceTree = "<group>"; };
		5922F3DC2B2DB4430037E4D4 /* CampaignInfo.swift */ = {isa = PBXFileReference; lastKnownFileType = sourcecode.swift; path = CampaignInfo.swift; sourceTree = "<group>"; };
		5922F3DE2B2DB4880037E4D4 /* CampaignSortButton.swift */ = {isa = PBXFileReference; lastKnownFileType = sourcecode.swift; path = CampaignSortButton.swift; sourceTree = "<group>"; };
		592ACE632B865A46001612C7 /* Packs.json */ = {isa = PBXFileReference; lastKnownFileType = text.json; path = Packs.json; sourceTree = "<group>"; };
		592ACE652B8682F0001612C7 /* PackDecoder.swift */ = {isa = PBXFileReference; lastKnownFileType = sourcecode.swift; path = PackDecoder.swift; sourceTree = "<group>"; };
		592ACE682B87A799001612C7 /* GroupBoxStyle.swift */ = {isa = PBXFileReference; lastKnownFileType = sourcecode.swift; path = GroupBoxStyle.swift; sourceTree = "<group>"; };
		592E0D2F2BB0381E000CE62E /* CardSearchButton.swift */ = {isa = PBXFileReference; lastKnownFileType = sourcecode.swift; path = CardSearchButton.swift; sourceTree = "<group>"; };
		5932169F2B39F8B800124EC6 /* PackIcon.swift */ = {isa = PBXFileReference; lastKnownFileType = sourcecode.swift; path = PackIcon.swift; sourceTree = "<group>"; };
		593223612A9CA71200AA7751 /* DeckRow.swift */ = {isa = PBXFileReference; lastKnownFileType = sourcecode.swift; path = DeckRow.swift; sourceTree = "<group>"; };
		593223632A9CA7F300AA7751 /* DeckList.swift */ = {isa = PBXFileReference; lastKnownFileType = sourcecode.swift; path = DeckList.swift; sourceTree = "<group>"; };
		593282682B4850D200914E92 /* Scenario.swift */ = {isa = PBXFileReference; lastKnownFileType = sourcecode.swift; path = Scenario.swift; sourceTree = "<group>"; };
		5932826A2B4858FF00914E92 /* ScenarioDecoder.swift */ = {isa = PBXFileReference; lastKnownFileType = sourcecode.swift; path = ScenarioDecoder.swift; sourceTree = "<group>"; };
		5933509D2C590C0800CD2F5A /* CardVStack.swift */ = {isa = PBXFileReference; lastKnownFileType = sourcecode.swift; path = CardVStack.swift; sourceTree = "<group>"; };
		59355A052AD2902000C894B3 /* PackRow.swift */ = {isa = PBXFileReference; lastKnownFileType = sourcecode.swift; path = PackRow.swift; sourceTree = "<group>"; };
		59355A072AD2962800C894B3 /* PackList.swift */ = {isa = PBXFileReference; lastKnownFileType = sourcecode.swift; path = PackList.swift; sourceTree = "<group>"; };
		593A3EF32B99B2C80030FDCC /* CampaignScenarioInfo.swift */ = {isa = PBXFileReference; lastKnownFileType = sourcecode.swift; path = CampaignScenarioInfo.swift; sourceTree = "<group>"; };
		593A3EF52B99EA520030FDCC /* ScenarioCompleted.swift */ = {isa = PBXFileReference; lastKnownFileType = sourcecode.swift; path = ScenarioCompleted.swift; sourceTree = "<group>"; };
		593FEFC92C9B1B3100D55BB9 /* OnboardingView.swift */ = {isa = PBXFileReference; lastKnownFileType = sourcecode.swift; path = OnboardingView.swift; sourceTree = "<group>"; };
		594AB53C2B4352260075D176 /* AppSidebarList.swift */ = {isa = PBXFileReference; fileEncoding = 4; lastKnownFileType = sourcecode.swift; path = AppSidebarList.swift; sourceTree = "<group>"; };
		594AB53E2B4352500075D176 /* AppDetailColumn.swift */ = {isa = PBXFileReference; fileEncoding = 4; lastKnownFileType = sourcecode.swift; path = AppDetailColumn.swift; sourceTree = "<group>"; };
		594B766A2AA7026200ED71AF /* CampaignList.swift */ = {isa = PBXFileReference; lastKnownFileType = sourcecode.swift; path = CampaignList.swift; sourceTree = "<group>"; };
		594B766C2AA7050800ED71AF /* CampaignRow.swift */ = {isa = PBXFileReference; lastKnownFileType = sourcecode.swift; path = CampaignRow.swift; sourceTree = "<group>"; };
		595078662AC59A9F007BFAA0 /* CardDecoder.swift */ = {isa = PBXFileReference; lastKnownFileType = sourcecode.swift; path = CardDecoder.swift; sourceTree = "<group>"; };
		595078712AC5D7D1007BFAA0 /* ViewCardModel.swift */ = {isa = PBXFileReference; lastKnownFileType = sourcecode.swift; path = ViewCardModel.swift; sourceTree = "<group>"; };
		595078742AC5D8FA007BFAA0 /* CardSortButton.swift */ = {isa = PBXFileReference; lastKnownFileType = sourcecode.swift; path = CardSortButton.swift; sourceTree = "<group>"; };
		595A66B22A9DE8930040C952 /* SettingHome.swift */ = {isa = PBXFileReference; lastKnownFileType = sourcecode.swift; path = SettingHome.swift; sourceTree = "<group>"; };
		595C7BE82A93985D0094E64F /* ScenarioViewMark.swift */ = {isa = PBXFileReference; lastKnownFileType = sourcecode.swift; path = ScenarioViewMark.swift; sourceTree = "<group>"; };
		596866562B98D060004442CA /* DeckCardInfo.swift */ = {isa = PBXFileReference; lastKnownFileType = sourcecode.swift; path = DeckCardInfo.swift; sourceTree = "<group>"; };
		596DD7EE2A9E161C00556B7B /* ScenarioViewHome.swift */ = {isa = PBXFileReference; lastKnownFileType = sourcecode.swift; path = ScenarioViewHome.swift; sourceTree = "<group>"; };
		597341CF2BD5706400E38EA7 /* Scenarios.json */ = {isa = PBXFileReference; fileEncoding = 4; lastKnownFileType = text.json; path = Scenarios.json; sourceTree = "<group>"; };
		59735A9B2C29749000F5E0AD /* ProgressStyle.swift */ = {isa = PBXFileReference; lastKnownFileType = sourcecode.swift; path = ProgressStyle.swift; sourceTree = "<group>"; };
		59735A9D2C29D81400F5E0AD /* DeckChart.swift */ = {isa = PBXFileReference; lastKnownFileType = sourcecode.swift; path = DeckChart.swift; sourceTree = "<group>"; };
		59735A9F2C2B0CAD00F5E0AD /* DeckHeroImages.swift */ = {isa = PBXFileReference; lastKnownFileType = sourcecode.swift; path = DeckHeroImages.swift; sourceTree = "<group>"; };
		59735AA12C2C7C5C00F5E0AD /* CampaignImage.swift */ = {isa = PBXFileReference; lastKnownFileType = sourcecode.swift; path = CampaignImage.swift; sourceTree = "<group>"; };
		59735AA32C2C7C8C00F5E0AD /* CampaignProgress.swift */ = {isa = PBXFileReference; lastKnownFileType = sourcecode.swift; path = CampaignProgress.swift; sourceTree = "<group>"; };
		5979A1BE2A9E4D6A00E1CAE1 /* Pack.swift */ = {isa = PBXFileReference; lastKnownFileType = sourcecode.swift; path = Pack.swift; sourceTree = "<group>"; };
		59809C6D2B444FDE004BD1F2 /* DeckNewButton.swift */ = {isa = PBXFileReference; lastKnownFileType = sourcecode.swift; path = DeckNewButton.swift; sourceTree = "<group>"; };
		59809C6F2B44542F004BD1F2 /* DeckViewButton.swift */ = {isa = PBXFileReference; lastKnownFileType = sourcecode.swift; path = DeckViewButton.swift; sourceTree = "<group>"; };
		59809C712B4457F4004BD1F2 /* DeckEditButton.swift */ = {isa = PBXFileReference; lastKnownFileType = sourcecode.swift; path = DeckEditButton.swift; sourceTree = "<group>"; };
		59862D6F2A91F13100628449 /* Card.swift */ = {isa = PBXFileReference; lastKnownFileType = sourcecode.swift; path = Card.swift; sourceTree = "<group>"; };
		59862D722A91F46000628449 /* Cards.json */ = {isa = PBXFileReference; lastKnownFileType = text.json; path = Cards.json; sourceTree = "<group>"; };
		59862D762A91FC4300628449 /* CardHome.swift */ = {isa = PBXFileReference; lastKnownFileType = sourcecode.swift; path = CardHome.swift; sourceTree = "<group>"; };
		59862D7A2A9217F600628449 /* ScenarioViewIcon.swift */ = {isa = PBXFileReference; lastKnownFileType = sourcecode.swift; path = ScenarioViewIcon.swift; sourceTree = "<group>"; };
		5987EC3F2C95819100F4B708 /* MotKCapsule.swift */ = {isa = PBXFileReference; lastKnownFileType = sourcecode.swift; path = MotKCapsule.swift; sourceTree = "<group>"; };
		598DA6682CAC044E0063A4F9 /* IndicatorView.swift */ = {isa = PBXFileReference; lastKnownFileType = sourcecode.swift; path = IndicatorView.swift; sourceTree = "<group>"; };
		598F51E42AA8747E00A1C06B /* CampaignNew.swift */ = {isa = PBXFileReference; lastKnownFileType = sourcecode.swift; path = CampaignNew.swift; sourceTree = "<group>"; };
		5995963D2B46AE31009D294C /* CampaignHome.swift */ = {isa = PBXFileReference; lastKnownFileType = sourcecode.swift; path = CampaignHome.swift; sourceTree = "<group>"; };
		599719682AC300EC0095AAE7 /* PreviewModelContainer.swift */ = {isa = PBXFileReference; lastKnownFileType = sourcecode.swift; path = PreviewModelContainer.swift; sourceTree = "<group>"; };
		5997196A2AC3011D0095AAE7 /* SampleDeck.swift */ = {isa = PBXFileReference; lastKnownFileType = sourcecode.swift; path = SampleDeck.swift; sourceTree = "<group>"; };
		5998F7E12C8898A70005CDA1 /* DeckCampaignList.swift */ = {isa = PBXFileReference; lastKnownFileType = sourcecode.swift; path = DeckCampaignList.swift; sourceTree = "<group>"; };
		59992F562AAB0CE300C6307E /* DeckNew.swift */ = {isa = PBXFileReference; lastKnownFileType = sourcecode.swift; path = DeckNew.swift; sourceTree = "<group>"; };
		599A61582C5BB17100DA3F74 /* ScenarioViewDonut.swift */ = {isa = PBXFileReference; lastKnownFileType = sourcecode.swift; path = ScenarioViewDonut.swift; sourceTree = "<group>"; };
		59A4E2C52AFEA71E00CE9BEA /* CampaignCardEdit.swift */ = {isa = PBXFileReference; lastKnownFileType = sourcecode.swift; path = CampaignCardEdit.swift; sourceTree = "<group>"; };
		59A5E6572B43345F0028A3DE /* AppScreen.swift */ = {isa = PBXFileReference; lastKnownFileType = sourcecode.swift; path = AppScreen.swift; sourceTree = "<group>"; };
		59A5E6592B4335E20028A3DE /* AppTabView.swift */ = {isa = PBXFileReference; lastKnownFileType = sourcecode.swift; path = AppTabView.swift; sourceTree = "<group>"; };
		59AD9C3D2C87487B00CF978B /* DeckCampaignButton.swift */ = {isa = PBXFileReference; lastKnownFileType = sourcecode.swift; path = DeckCampaignButton.swift; sourceTree = "<group>"; };
		59AFE7E62B29E396008AF007 /* SFUIText-Regular.ttf */ = {isa = PBXFileReference; lastKnownFileType = file; path = "SFUIText-Regular.ttf"; sourceTree = "<group>"; };
		59AFE7EE2B29E4FA008AF007 /* SFUIText-Italic.ttf */ = {isa = PBXFileReference; lastKnownFileType = file; path = "SFUIText-Italic.ttf"; sourceTree = "<group>"; };
		59AFE7EF2B29E4FA008AF007 /* SFUIText-Bold.ttf */ = {isa = PBXFileReference; lastKnownFileType = file; path = "SFUIText-Bold.ttf"; sourceTree = "<group>"; };
		59AFE7F22B29E56D008AF007 /* SFUIText-BoldItalic.ttf */ = {isa = PBXFileReference; lastKnownFileType = file; path = "SFUIText-BoldItalic.ttf"; sourceTree = "<group>"; };
		59B1A3852AEFE29F00ADB701 /* ScenarioViewEncounter.swift */ = {isa = PBXFileReference; lastKnownFileType = sourcecode.swift; path = ScenarioViewEncounter.swift; sourceTree = "<group>"; };
		59B943F92AC6BE8D0059C52A /* CardFilterButton.swift */ = {isa = PBXFileReference; lastKnownFileType = sourcecode.swift; path = CardFilterButton.swift; sourceTree = "<group>"; };
		59BD5AAD2C5CDA2F00A84157 /* CardRingsButton.swift */ = {isa = PBXFileReference; lastKnownFileType = sourcecode.swift; path = CardRingsButton.swift; sourceTree = "<group>"; };
		59BD5AAF2C5CE00700A84157 /* CardFaqButton.swift */ = {isa = PBXFileReference; lastKnownFileType = sourcecode.swift; path = CardFaqButton.swift; sourceTree = "<group>"; };
		59C140452AC1789A00A9F20C /* Deck.swift */ = {isa = PBXFileReference; lastKnownFileType = sourcecode.swift; path = Deck.swift; sourceTree = "<group>"; };
		59C1404C2AC1C26500A9F20C /* DeckCardEdit.swift */ = {isa = PBXFileReference; lastKnownFileType = sourcecode.swift; path = DeckCardEdit.swift; sourceTree = "<group>"; };
		59C357432AAF5374009CA291 /* CardImage.swift */ = {isa = PBXFileReference; lastKnownFileType = sourcecode.swift; path = CardImage.swift; sourceTree = "<group>"; };
		59C779572B7914AC002AFB03 /* Rules.json */ = {isa = PBXFileReference; lastKnownFileType = text.json; path = Rules.json; sourceTree = "<group>"; };
		59C7795A2B791558002AFB03 /* Rule.swift */ = {isa = PBXFileReference; lastKnownFileType = sourcecode.swift; path = Rule.swift; sourceTree = "<group>"; };
		59C7795C2B79167C002AFB03 /* RuleDecoder.swift */ = {isa = PBXFileReference; lastKnownFileType = sourcecode.swift; path = RuleDecoder.swift; sourceTree = "<group>"; };
		59C7795F2B791836002AFB03 /* RuleList.swift */ = {isa = PBXFileReference; lastKnownFileType = sourcecode.swift; path = RuleList.swift; sourceTree = "<group>"; };
		59C779612B791A0D002AFB03 /* RuleView.swift */ = {isa = PBXFileReference; lastKnownFileType = sourcecode.swift; path = RuleView.swift; sourceTree = "<group>"; };
		59C779632B7935E4002AFB03 /* ViewRuleModel.swift */ = {isa = PBXFileReference; lastKnownFileType = sourcecode.swift; path = ViewRuleModel.swift; sourceTree = "<group>"; };
		59C779652B7BFA05002AFB03 /* Errata.json */ = {isa = PBXFileReference; lastKnownFileType = text.json; path = Errata.json; sourceTree = "<group>"; };
		59C779682B7BFAFF002AFB03 /* Erratum.swift */ = {isa = PBXFileReference; lastKnownFileType = sourcecode.swift; path = Erratum.swift; sourceTree = "<group>"; };
		59C7796A2B7BFB42002AFB03 /* ErratumDecoder.swift */ = {isa = PBXFileReference; lastKnownFileType = sourcecode.swift; path = ErratumDecoder.swift; sourceTree = "<group>"; };
		59C82C212B13A5840073C4FA /* htmlToMarkdown.swift */ = {isa = PBXFileReference; lastKnownFileType = sourcecode.swift; path = htmlToMarkdown.swift; sourceTree = "<group>"; };
		59C82C232B13AECD0073C4FA /* iconsAndSpheres.swift */ = {isa = PBXFileReference; lastKnownFileType = sourcecode.swift; path = iconsAndSpheres.swift; sourceTree = "<group>"; };
		59C851962B277E03009327D2 /* Info.plist */ = {isa = PBXFileReference; lastKnownFileType = text.plist; path = Info.plist; sourceTree = "<group>"; };
		59C87AF02AA5CEC80058CB2A /* Campaign.swift */ = {isa = PBXFileReference; lastKnownFileType = sourcecode.swift; path = Campaign.swift; sourceTree = "<group>"; };
		59C87AF62AA5DB720058CB2A /* CampaignHost.swift */ = {isa = PBXFileReference; lastKnownFileType = sourcecode.swift; path = CampaignHost.swift; sourceTree = "<group>"; };
		59C87AF82AA5DDB70058CB2A /* CampaignEdit.swift */ = {isa = PBXFileReference; lastKnownFileType = sourcecode.swift; path = CampaignEdit.swift; sourceTree = "<group>"; };
		59CC78D32B46DF2600F29E18 /* CampaignNewButton.swift */ = {isa = PBXFileReference; lastKnownFileType = sourcecode.swift; path = CampaignNewButton.swift; sourceTree = "<group>"; };
		59CC78D62B46E57E00F29E18 /* CampaignBoonButton.swift */ = {isa = PBXFileReference; lastKnownFileType = sourcecode.swift; path = CampaignBoonButton.swift; sourceTree = "<group>"; };
		59CC78D82B46E58E00F29E18 /* CampaignNoteButton.swift */ = {isa = PBXFileReference; lastKnownFileType = sourcecode.swift; path = CampaignNoteButton.swift; sourceTree = "<group>"; };
		59D8353E2AFF8F3B000C160E /* ScenarioVStack.swift */ = {isa = PBXFileReference; lastKnownFileType = sourcecode.swift; path = ScenarioVStack.swift; sourceTree = "<group>"; };
		59D835402AFF92A2000C160E /* CampaignViewHome.swift */ = {isa = PBXFileReference; lastKnownFileType = sourcecode.swift; path = CampaignViewHome.swift; sourceTree = "<group>"; };
		59D835422AFF94A3000C160E /* ScenarioItem.swift */ = {isa = PBXFileReference; lastKnownFileType = sourcecode.swift; path = ScenarioItem.swift; sourceTree = "<group>"; };
		59D987702AC2B901008F6706 /* RingsCards.app */ = {isa = PBXFileReference; explicitFileType = wrapper.application; includeInIndex = 0; path = RingsCards.app; sourceTree = BUILT_PRODUCTS_DIR; };
		59E3C4792B3C81ED00E74D0D /* CardList.swift */ = {isa = PBXFileReference; lastKnownFileType = sourcecode.swift; path = CardList.swift; sourceTree = "<group>"; };
		59EA4DD32B4010290078F7F8 /* DeckViewHome.swift */ = {isa = PBXFileReference; lastKnownFileType = sourcecode.swift; path = DeckViewHome.swift; sourceTree = "<group>"; };
		59EA4DD52B4028D30078F7F8 /* DeckHome.swift */ = {isa = PBXFileReference; lastKnownFileType = sourcecode.swift; path = DeckHome.swift; sourceTree = "<group>"; };
		59EA4DD92B4037D00078F7F8 /* CardInfo.swift */ = {isa = PBXFileReference; fileEncoding = 4; lastKnownFileType = sourcecode.swift; path = CardInfo.swift; sourceTree = "<group>"; };
		59EBC8622C64FAA600F24A63 /* DeckSphereChart.swift */ = {isa = PBXFileReference; lastKnownFileType = sourcecode.swift; path = DeckSphereChart.swift; sourceTree = "<group>"; };
		59EBC8642C650DFB00F24A63 /* DeckStatButton.swift */ = {isa = PBXFileReference; lastKnownFileType = sourcecode.swift; path = DeckStatButton.swift; sourceTree = "<group>"; };
		59EDE7122AC8632F001288AE /* SampleCampaign.swift */ = {isa = PBXFileReference; lastKnownFileType = sourcecode.swift; path = SampleCampaign.swift; sourceTree = "<group>"; };
		59FD325E2AEE62EF00D9597B /* ScenarioKeywordList.swift */ = {isa = PBXFileReference; lastKnownFileType = sourcecode.swift; path = ScenarioKeywordList.swift; sourceTree = "<group>"; };
		59FD61BD2B5C1F2800C7EA67 /* CheckBoxStyle.swift */ = {isa = PBXFileReference; lastKnownFileType = sourcecode.swift; path = CheckBoxStyle.swift; sourceTree = "<group>"; };
		729BF2A42A95861800E67871 /* CampaignView.swift */ = {isa = PBXFileReference; lastKnownFileType = sourcecode.swift; path = CampaignView.swift; sourceTree = "<group>"; };
		F8443BF92B7E4B630032AA7F /* Router.swift */ = {isa = PBXFileReference; lastKnownFileType = sourcecode.swift; path = Router.swift; sourceTree = "<group>"; };
/* End PBXFileReference section */

/* Begin PBXFrameworksBuildPhase section */
		592264C42A90A993002A7648 /* Frameworks */ = {
			isa = PBXFrameworksBuildPhase;
			buildActionMask = 2147483647;
			files = (
			);
			runOnlyForDeploymentPostprocessing = 0;
		};
/* End PBXFrameworksBuildPhase section */

/* Begin PBXGroup section */
		590E53952B694FF10009E5A3 /* SupportView */ = {
			isa = PBXGroup;
			children = (
				590E53962B69500E0009E5A3 /* SupportHome.swift */,
			);
			path = SupportView;
			sourceTree = "<group>";
		};
		5912EE212A93662800B2F8B5 /* CardViews */ = {
			isa = PBXGroup;
			children = (
				59862D762A91FC4300628449 /* CardHome.swift */,
				5950786B2AC5B8FE007BFAA0 /* CardList */,
				59B6E9B32A9A0C2D0056EE8D /* CardTool */,
				59E3C47B2B3C8F0300E74D0D /* CardView */,
			);
			path = CardViews;
			sourceTree = "<group>";
		};
		592264BE2A90A993002A7648 = {
			isa = PBXGroup;
			children = (
				592264C92A90A993002A7648 /* RingsCards */,
				59D987702AC2B901008F6706 /* RingsCards.app */,
			);
			sourceTree = "<group>";
		};
		592264C92A90A993002A7648 /* RingsCards */ = {
			isa = PBXGroup;
			children = (
				59C851962B277E03009327D2 /* Info.plist */,
				592264CA2A90A993002A7648 /* RingsCardsApp.swift */,
				592264CE2A90A995002A7648 /* Assets.xcassets */,
				59862D6D2A91F0A900628449 /* Models */,
				592264D02A90A995002A7648 /* Preview Content */,
				59862D712A91F30800628449 /* Resources */,
				59862D6E2A91F0BC00628449 /* Views */,
			);
			path = RingsCards;
			sourceTree = "<group>";
		};
		592264D02A90A995002A7648 /* Preview Content */ = {
			isa = PBXGroup;
			children = (
				590874742AC3346C00E768F2 /* ModelPreview.swift */,
				599719682AC300EC0095AAE7 /* PreviewModelContainer.swift */,
				592264D12A90A995002A7648 /* Preview Assets.xcassets */,
				5950786F2AC5BBA2007BFAA0 /* Samples */,
			);
			path = "Preview Content";
			sourceTree = "<group>";
		};
		5922F3D12B2D9F860037E4D4 /* DeckTool */ = {
			isa = PBXGroup;
			children = (
				59735A9D2C29D81400F5E0AD /* DeckChart.swift */,
				59735A9F2C2B0CAD00F5E0AD /* DeckHeroImages.swift */,
				5922F3D22B2D9FA30037E4D4 /* DeckInfo.swift */,
				59809C6D2B444FDE004BD1F2 /* DeckNewButton.swift */,
				5922F3D42B2DA0510037E4D4 /* DeckSortButton.swift */,
			);
			path = DeckTool;
			sourceTree = "<group>";
		};
		5922F3DB2B2DB41D0037E4D4 /* CampaignTool */ = {
			isa = PBXGroup;
			children = (
				59735AA12C2C7C5C00F5E0AD /* CampaignImage.swift */,
				5922F3DC2B2DB4430037E4D4 /* CampaignInfo.swift */,
				59CC78D32B46DF2600F29E18 /* CampaignNewButton.swift */,
				59735AA32C2C7C8C00F5E0AD /* CampaignProgress.swift */,
				5922F3DE2B2DB4880037E4D4 /* CampaignSortButton.swift */,
			);
			path = CampaignTool;
			sourceTree = "<group>";
		};
		592ACE672B86A294001612C7 /* ViewStyling */ = {
			isa = PBXGroup;
			children = (
				59FD61BD2B5C1F2800C7EA67 /* CheckBoxStyle.swift */,
				592ACE682B87A799001612C7 /* GroupBoxStyle.swift */,
				598DA6682CAC044E0063A4F9 /* IndicatorView.swift */,
				5987EC3F2C95819100F4B708 /* MotKCapsule.swift */,
				59735A9B2C29749000F5E0AD /* ProgressStyle.swift */,
				591DEF262C660F7E008279E9 /* TransitionStyle.swift */,
			);
			path = ViewStyling;
			sourceTree = "<group>";
		};
		5932235B2A9C9D4100AA7751 /* ScenarioView */ = {
			isa = PBXGroup;
			children = (
				596DD7EE2A9E161C00556B7B /* ScenarioViewHome.swift */,
				59FD325B2AEE4D0900D9597B /* ScenarioViewKeyword */,
				599C55F12B00CA44003D03CB /* ScenarioViewList */,
				593282652B4849C500914E92 /* ScenarioViewTool */,
			);
			path = ScenarioView;
			sourceTree = "<group>";
		};
		593282652B4849C500914E92 /* ScenarioViewTool */ = {
			isa = PBXGroup;
			children = (
				593A3EF52B99EA520030FDCC /* ScenarioCompleted.swift */,
				599A61582C5BB17100DA3F74 /* ScenarioViewDonut.swift */,
				59B1A3852AEFE29F00ADB701 /* ScenarioViewEncounter.swift */,
				59862D7A2A9217F600628449 /* ScenarioViewIcon.swift */,
				595C7BE82A93985D0094E64F /* ScenarioViewMark.swift */,
			);
			path = ScenarioViewTool;
			sourceTree = "<group>";
		};
		59355A042AD28FCE00C894B3 /* PackView */ = {
			isa = PBXGroup;
			children = (
				5932169F2B39F8B800124EC6 /* PackIcon.swift */,
				59355A072AD2962800C894B3 /* PackList.swift */,
				59355A052AD2902000C894B3 /* PackRow.swift */,
			);
			path = PackView;
			sourceTree = "<group>";
		};
		594E38E02AD29EA900577EE0 /* Packs */ = {
			isa = PBXGroup;
			children = (
				5979A1BE2A9E4D6A00E1CAE1 /* Pack.swift */,
				592ACE652B8682F0001612C7 /* PackDecoder.swift */,
			);
			path = Packs;
			sourceTree = "<group>";
		};
		5950786A2AC5A6CF007BFAA0 /* Cards */ = {
			isa = PBXGroup;
			children = (
				59862D6F2A91F13100628449 /* Card.swift */,
				595078662AC59A9F007BFAA0 /* CardDecoder.swift */,
				595078712AC5D7D1007BFAA0 /* ViewCardModel.swift */,
			);
			path = Cards;
			sourceTree = "<group>";
		};
		5950786B2AC5B8FE007BFAA0 /* CardList */ = {
			isa = PBXGroup;
			children = (
				59E3C4792B3C81ED00E74D0D /* CardList.swift */,
				5912EE232A93668700B2F8B5 /* CardRow.swift */,
			);
			path = CardList;
			sourceTree = "<group>";
		};
		5950786C2AC5BAD8007BFAA0 /* Campaigns */ = {
			isa = PBXGroup;
			children = (
				59C87AF02AA5CEC80058CB2A /* Campaign.swift */,
				5922F3D92B2DB3B80037E4D4 /* ViewCampaignModel.swift */,
				59C9DD222B5AD9EF0094B3FB /* Scenarios */,
			);
			path = Campaigns;
			sourceTree = "<group>";
		};
		5950786D2AC5BB30007BFAA0 /* Decks */ = {
			isa = PBXGroup;
			children = (
				59C140452AC1789A00A9F20C /* Deck.swift */,
				5922F3D72B2DA7970037E4D4 /* ViewDeckModel.swift */,
			);
			path = Decks;
			sourceTree = "<group>";
		};
		5950786F2AC5BBA2007BFAA0 /* Samples */ = {
			isa = PBXGroup;
			children = (
				5997196A2AC3011D0095AAE7 /* SampleDeck.swift */,
				59EDE7122AC8632F001288AE /* SampleCampaign.swift */,
			);
			path = Samples;
			sourceTree = "<group>";
		};
		595078702AC5BC1B007BFAA0 /* Settings */ = {
			isa = PBXGroup;
			children = (
				59C779672B7BFAE9002AFB03 /* Errata */,
				594E38E02AD29EA900577EE0 /* Packs */,
				59C779592B79153A002AFB03 /* Rules */,
			);
			path = Settings;
			sourceTree = "<group>";
		};
		595A66B12A9DE84F0040C952 /* SettingViews */ = {
			isa = PBXGroup;
			children = (
				595A66B22A9DE8930040C952 /* SettingHome.swift */,
				59355A042AD28FCE00C894B3 /* PackView */,
				59C7795E2B791807002AFB03 /* RuleView */,
				590E53952B694FF10009E5A3 /* SupportView */,
				592ACE672B86A294001612C7 /* ViewStyling */,
			);
			path = SettingViews;
			sourceTree = "<group>";
		};
		59862D6D2A91F0A900628449 /* Models */ = {
			isa = PBXGroup;
			children = (
				590874762AC3379A00E768F2 /* RingsUserData.swift */,
				5950786A2AC5A6CF007BFAA0 /* Cards */,
				5950786D2AC5BB30007BFAA0 /* Decks */,
				5950786C2AC5BAD8007BFAA0 /* Campaigns */,
				59AFE7F42B29E8BA008AF007 /* Fonts */,
				595078702AC5BC1B007BFAA0 /* Settings */,
			);
			path = Models;
			sourceTree = "<group>";
		};
		59862D6E2A91F0BC00628449 /* Views */ = {
			isa = PBXGroup;
			children = (
				592264CC2A90A993002A7648 /* ContentView.swift */,
				593FEFC92C9B1B3100D55BB9 /* OnboardingView.swift */,
				5912EE212A93662800B2F8B5 /* CardViews */,
				729BF2982A95812900E67871 /* DeckViews */,
				729BF2972A95810800E67871 /* CampaignViews */,
				59A5E6562B4334500028A3DE /* Navigation */,
				595A66B12A9DE84F0040C952 /* SettingViews */,
			);
			path = Views;
			sourceTree = "<group>";
		};
		59862D712A91F30800628449 /* Resources */ = {
			isa = PBXGroup;
			children = (
				59862D722A91F46000628449 /* Cards.json */,
				59C779652B7BFA05002AFB03 /* Errata.json */,
				592ACE632B865A46001612C7 /* Packs.json */,
				59C779572B7914AC002AFB03 /* Rules.json */,
				597341CF2BD5706400E38EA7 /* Scenarios.json */,
			);
			path = Resources;
			sourceTree = "<group>";
		};
		599C55F02B00C6A0003D03CB /* CampaignView */ = {
			isa = PBXGroup;
			children = (
				59D835402AFF92A2000C160E /* CampaignViewHome.swift */,
				59B127E82AC8830C00094472 /* CampaignViewNotes */,
				59CC78D52B46E54D00F29E18 /* CampaignViewTool */,
				5932235B2A9C9D4100AA7751 /* ScenarioView */,
			);
			path = CampaignView;
			sourceTree = "<group>";
		};
		599C55F12B00CA44003D03CB /* ScenarioViewList */ = {
			isa = PBXGroup;
			children = (
				59D835422AFF94A3000C160E /* ScenarioItem.swift */,
				59D8353E2AFF8F3B000C160E /* ScenarioVStack.swift */,
			);
			path = ScenarioViewList;
			sourceTree = "<group>";
		};
		59A5E6562B4334500028A3DE /* Navigation */ = {
			isa = PBXGroup;
			children = (
				594AB53E2B4352500075D176 /* AppDetailColumn.swift */,
				59A5E6572B43345F0028A3DE /* AppScreen.swift */,
				594AB53C2B4352260075D176 /* AppSidebarList.swift */,
				59A5E6592B4335E20028A3DE /* AppTabView.swift */,
				F8443BF92B7E4B630032AA7F /* Router.swift */,
			);
			path = Navigation;
			sourceTree = "<group>";
		};
		59AFE7F42B29E8BA008AF007 /* Fonts */ = {
			isa = PBXGroup;
			children = (
				59C82C212B13A5840073C4FA /* htmlToMarkdown.swift */,
				59C82C232B13AECD0073C4FA /* iconsAndSpheres.swift */,
				59AFE7E62B29E396008AF007 /* SFUIText-Regular.ttf */,
				59AFE7EF2B29E4FA008AF007 /* SFUIText-Bold.ttf */,
				59AFE7EE2B29E4FA008AF007 /* SFUIText-Italic.ttf */,
				59AFE7F22B29E56D008AF007 /* SFUIText-BoldItalic.ttf */,
			);
			path = Fonts;
			sourceTree = "<group>";
		};
		59B127E82AC8830C00094472 /* CampaignViewNotes */ = {
			isa = PBXGroup;
			children = (
				59C87AF82AA5DDB70058CB2A /* CampaignEdit.swift */,
				59C87AF62AA5DB720058CB2A /* CampaignHost.swift */,
				729BF2A42A95861800E67871 /* CampaignView.swift */,
			);
			path = CampaignViewNotes;
			sourceTree = "<group>";
		};
		59B6E9B32A9A0C2D0056EE8D /* CardTool */ = {
			isa = PBXGroup;
			children = (
				59048F612C5E7CA900718999 /* CardCount.swift */,
				59BD5AAF2C5CE00700A84157 /* CardFaqButton.swift */,
				59B943F92AC6BE8D0059C52A /* CardFilterButton.swift */,
				59EA4DD92B4037D00078F7F8 /* CardInfo.swift */,
				59BD5AAD2C5CDA2F00A84157 /* CardRingsButton.swift */,
				592E0D2F2BB0381E000CE62E /* CardSearchButton.swift */,
				595078742AC5D8FA007BFAA0 /* CardSortButton.swift */,
			);
			path = CardTool;
			sourceTree = "<group>";
		};
		59C779592B79153A002AFB03 /* Rules */ = {
			isa = PBXGroup;
			children = (
				59C7795A2B791558002AFB03 /* Rule.swift */,
				59C7795C2B79167C002AFB03 /* RuleDecoder.swift */,
				59C779632B7935E4002AFB03 /* ViewRuleModel.swift */,
			);
			path = Rules;
			sourceTree = "<group>";
		};
		59C7795E2B791807002AFB03 /* RuleView */ = {
			isa = PBXGroup;
			children = (
				59C7795F2B791836002AFB03 /* RuleList.swift */,
				59C779612B791A0D002AFB03 /* RuleView.swift */,
			);
			path = RuleView;
			sourceTree = "<group>";
		};
		59C779672B7BFAE9002AFB03 /* Errata */ = {
			isa = PBXGroup;
			children = (
				59C779682B7BFAFF002AFB03 /* Erratum.swift */,
				59C7796A2B7BFB42002AFB03 /* ErratumDecoder.swift */,
			);
			path = Errata;
			sourceTree = "<group>";
		};
		59C9DD222B5AD9EF0094B3FB /* Scenarios */ = {
			isa = PBXGroup;
			children = (
				593282682B4850D200914E92 /* Scenario.swift */,
				5932826A2B4858FF00914E92 /* ScenarioDecoder.swift */,
			);
			path = Scenarios;
			sourceTree = "<group>";
		};
		59CC78D52B46E54D00F29E18 /* CampaignViewTool */ = {
			isa = PBXGroup;
			children = (
				59CC78D62B46E57E00F29E18 /* CampaignBoonButton.swift */,
				59A4E2C52AFEA71E00CE9BEA /* CampaignCardEdit.swift */,
				59CC78D82B46E58E00F29E18 /* CampaignNoteButton.swift */,
				593A3EF32B99B2C80030FDCC /* CampaignScenarioInfo.swift */,
			);
			path = CampaignViewTool;
			sourceTree = "<group>";
		};
		59E3C47B2B3C8F0300E74D0D /* CardView */ = {
			isa = PBXGroup;
			children = (
				59C357432AAF5374009CA291 /* CardImage.swift */,
				592264F42A90AB09002A7648 /* CardView.swift */,
				5933509D2C590C0800CD2F5A /* CardVStack.swift */,
			);
			path = CardView;
			sourceTree = "<group>";
		};
		59EA4DD22B400FE80078F7F8 /* DeckView */ = {
			isa = PBXGroup;
			children = (
				59EA4DD32B4010290078F7F8 /* DeckViewHome.swift */,
				59EA4DDE2B41725C0078F7F8 /* DeckViewTool */,
			);
			path = DeckView;
			sourceTree = "<group>";
		};
		59EA4DDE2B41725C0078F7F8 /* DeckViewTool */ = {
			isa = PBXGroup;
			children = (
				59AD9C3D2C87487B00CF978B /* DeckCampaignButton.swift */,
				5998F7E12C8898A70005CDA1 /* DeckCampaignList.swift */,
				59C1404C2AC1C26500A9F20C /* DeckCardEdit.swift */,
				596866562B98D060004442CA /* DeckCardInfo.swift */,
				591DEF2E2C663AFB008279E9 /* DeckChartVStack.swift */,
				591DEF282C661367008279E9 /* DeckCostChart.swift */,
				591DEF2C2C662239008279E9 /* DeckCostLineChart.swift */,
				59809C712B4457F4004BD1F2 /* DeckEditButton.swift */,
				59EBC8622C64FAA600F24A63 /* DeckSphereChart.swift */,
				59EBC8642C650DFB00F24A63 /* DeckStatButton.swift */,
				591DEF2A2C661CEE008279E9 /* DeckStatChart.swift */,
				591DEF302C6663C4008279E9 /* DeckTypeChart.swift */,
				59809C6F2B44542F004BD1F2 /* DeckViewButton.swift */,
			);
			path = DeckViewTool;
			sourceTree = "<group>";
		};
		59EDE7142AC86CD4001288AE /* CampaignList */ = {
			isa = PBXGroup;
			children = (
				594B766A2AA7026200ED71AF /* CampaignList.swift */,
				598F51E42AA8747E00A1C06B /* CampaignNew.swift */,
				594B766C2AA7050800ED71AF /* CampaignRow.swift */,
			);
			path = CampaignList;
			sourceTree = "<group>";
		};
		59FBD1B22AC1E63400CCE713 /* DeckList */ = {
			isa = PBXGroup;
			children = (
				593223632A9CA7F300AA7751 /* DeckList.swift */,
				59992F562AAB0CE300C6307E /* DeckNew.swift */,
				593223612A9CA71200AA7751 /* DeckRow.swift */,
			);
			path = DeckList;
			sourceTree = "<group>";
		};
		59FD325B2AEE4D0900D9597B /* ScenarioViewKeyword */ = {
			isa = PBXGroup;
			children = (
				59FD325E2AEE62EF00D9597B /* ScenarioKeywordList.swift */,
			);
			path = ScenarioViewKeyword;
			sourceTree = "<group>";
		};
		729BF2972A95810800E67871 /* CampaignViews */ = {
			isa = PBXGroup;
			children = (
				5995963D2B46AE31009D294C /* CampaignHome.swift */,
				59EDE7142AC86CD4001288AE /* CampaignList */,
				5922F3DB2B2DB41D0037E4D4 /* CampaignTool */,
				599C55F02B00C6A0003D03CB /* CampaignView */,
			);
			path = CampaignViews;
			sourceTree = "<group>";
		};
		729BF2982A95812900E67871 /* DeckViews */ = {
			isa = PBXGroup;
			children = (
				59EA4DD52B4028D30078F7F8 /* DeckHome.swift */,
				59FBD1B22AC1E63400CCE713 /* DeckList */,
				5922F3D12B2D9F860037E4D4 /* DeckTool */,
				59EA4DD22B400FE80078F7F8 /* DeckView */,
			);
			path = DeckViews;
			sourceTree = "<group>";
		};
/* End PBXGroup section */

/* Begin PBXNativeTarget section */
		592264C62A90A993002A7648 /* RingsCards */ = {
			isa = PBXNativeTarget;
			buildConfigurationList = 592264EB2A90A995002A7648 /* Build configuration list for PBXNativeTarget "RingsCards" */;
			buildPhases = (
				592264C32A90A993002A7648 /* Sources */,
				592264C42A90A993002A7648 /* Frameworks */,
				592264C52A90A993002A7648 /* Resources */,
			);
			buildRules = (
			);
			dependencies = (
			);
			name = RingsCards;
			productName = RingsCards;
			productReference = 59D987702AC2B901008F6706 /* RingsCards.app */;
			productType = "com.apple.product-type.application";
		};
/* End PBXNativeTarget section */

/* Begin PBXProject section */
		592264BF2A90A993002A7648 /* Project object */ = {
			isa = PBXProject;
			attributes = {
				BuildIndependentTargetsInParallel = 1;
				LastSwiftUpdateCheck = 1420;
				LastUpgradeCheck = 1500;
				TargetAttributes = {
					592264C62A90A993002A7648 = {
						CreatedOnToolsVersion = 14.2;
					};
				};
			};
			buildConfigurationList = 592264C22A90A993002A7648 /* Build configuration list for PBXProject "RingsCards" */;
			compatibilityVersion = "Xcode 14.0";
			developmentRegion = en;
			hasScannedForEncodings = 0;
			knownRegions = (
				en,
				Base,
			);
			mainGroup = 592264BE2A90A993002A7648;
			productRefGroup = 592264BE2A90A993002A7648;
			projectDirPath = "";
			projectRoot = "";
			targets = (
				592264C62A90A993002A7648 /* RingsCards */,
			);
		};
/* End PBXProject section */

/* Begin PBXResourcesBuildPhase section */
		592264C52A90A993002A7648 /* Resources */ = {
			isa = PBXResourcesBuildPhase;
			buildActionMask = 2147483647;
			files = (
				59AFE7F12B29E4FA008AF007 /* SFUIText-Bold.ttf in Resources */,
				597341D02BD5706400E38EA7 /* Scenarios.json in Resources */,
				59AFE7E72B29E396008AF007 /* SFUIText-Regular.ttf in Resources */,
				59862D732A91F46000628449 /* Cards.json in Resources */,
				59C779582B7914AC002AFB03 /* Rules.json in Resources */,
				59AFE7F02B29E4FA008AF007 /* SFUIText-Italic.ttf in Resources */,
				59C779662B7BFA05002AFB03 /* Errata.json in Resources */,
				59AFE7F32B29E56D008AF007 /* SFUIText-BoldItalic.ttf in Resources */,
				592264D22A90A995002A7648 /* Preview Assets.xcassets in Resources */,
				592ACE642B865A46001612C7 /* Packs.json in Resources */,
				592264CF2A90A995002A7648 /* Assets.xcassets in Resources */,
			);
			runOnlyForDeploymentPostprocessing = 0;
		};
/* End PBXResourcesBuildPhase section */

/* Begin PBXSourcesBuildPhase section */
		592264C32A90A993002A7648 /* Sources */ = {
			isa = PBXSourcesBuildPhase;
			buildActionMask = 2147483647;
			files = (
				59B943FA2AC6BE8D0059C52A /* CardFilterButton.swift in Sources */,
				592ACE662B8682F0001612C7 /* PackDecoder.swift in Sources */,
				59A5E6582B43345F0028A3DE /* AppScreen.swift in Sources */,
				59C779642B7935E4002AFB03 /* ViewRuleModel.swift in Sources */,
				59C7795D2B79167C002AFB03 /* RuleDecoder.swift in Sources */,
				59A4E2C62AFEA71E00CE9BEA /* CampaignCardEdit.swift in Sources */,
				59C87AF92AA5DDB70058CB2A /* CampaignEdit.swift in Sources */,
				59C7796B2B7BFB42002AFB03 /* ErratumDecoder.swift in Sources */,
				59C87AF72AA5DB720058CB2A /* CampaignHost.swift in Sources */,
				59862D772A91FC4300628449 /* CardHome.swift in Sources */,
				5922F3D32B2D9FA30037E4D4 /* DeckInfo.swift in Sources */,
				593A3EF62B99EA520030FDCC /* ScenarioCompleted.swift in Sources */,
				59EA4DD42B4010290078F7F8 /* DeckViewHome.swift in Sources */,
				5912EE242A93668700B2F8B5 /* CardRow.swift in Sources */,
				59C140462AC1789A00A9F20C /* Deck.swift in Sources */,
				5922F3D52B2DA0510037E4D4 /* DeckSortButton.swift in Sources */,
				592264F52A90AB09002A7648 /* CardView.swift in Sources */,
				592ACE692B87A799001612C7 /* GroupBoxStyle.swift in Sources */,
				59EBC8632C64FAA600F24A63 /* DeckSphereChart.swift in Sources */,
				59735A9C2C29749000F5E0AD /* ProgressStyle.swift in Sources */,
				59809C702B44542F004BD1F2 /* DeckViewButton.swift in Sources */,
				59CC78D42B46DF2600F29E18 /* CampaignNewButton.swift in Sources */,
				598F51E52AA8747E00A1C06B /* CampaignNew.swift in Sources */,
				591DEF2D2C662239008279E9 /* DeckCostLineChart.swift in Sources */,
				59C82C222B13A5840073C4FA /* htmlToMarkdown.swift in Sources */,
				5933509E2C590C0800CD2F5A /* CardVStack.swift in Sources */,
				59EA4DD62B4028D30078F7F8 /* DeckHome.swift in Sources */,
				59EA4DDA2B4037D00078F7F8 /* CardInfo.swift in Sources */,
				5922F3DF2B2DB4880037E4D4 /* CampaignSortButton.swift in Sources */,
				59D835432AFF94A3000C160E /* ScenarioItem.swift in Sources */,
				59862D7B2A9217F600628449 /* ScenarioViewIcon.swift in Sources */,
				592264CD2A90A993002A7648 /* ContentView.swift in Sources */,
				5922F3DA2B2DB3B80037E4D4 /* ViewCampaignModel.swift in Sources */,
				595078752AC5D8FA007BFAA0 /* CardSortButton.swift in Sources */,
				59B1A3862AEFE29F00ADB701 /* ScenarioViewEncounter.swift in Sources */,
				596866572B98D060004442CA /* DeckCardInfo.swift in Sources */,
				599A61592C5BB17100DA3F74 /* ScenarioViewDonut.swift in Sources */,
				59735A9E2C29D81400F5E0AD /* DeckChart.swift in Sources */,
				591DEF312C6663C4008279E9 /* DeckTypeChart.swift in Sources */,
				593FEFCA2C9B1B3100D55BB9 /* OnboardingView.swift in Sources */,
				59CC78D92B46E58E00F29E18 /* CampaignNoteButton.swift in Sources */,
				59FD61BE2B5C1F2800C7EA67 /* CheckBoxStyle.swift in Sources */,
				594AB53F2B4352500075D176 /* AppDetailColumn.swift in Sources */,
				59FD325F2AEE62EF00D9597B /* ScenarioKeywordList.swift in Sources */,
				59809C6E2B444FDE004BD1F2 /* DeckNewButton.swift in Sources */,
				59992F572AAB0CE300C6307E /* DeckNew.swift in Sources */,
				590E53972B69500E0009E5A3 /* SupportHome.swift in Sources */,
				593223642A9CA7F300AA7751 /* DeckList.swift in Sources */,
				5922F3DD2B2DB4430037E4D4 /* CampaignInfo.swift in Sources */,
				59809C722B4457F4004BD1F2 /* DeckEditButton.swift in Sources */,
				595C7BE92A93985D0094E64F /* ScenarioViewMark.swift in Sources */,
				591DEF2F2C663AFB008279E9 /* DeckChartVStack.swift in Sources */,
				595078672AC59A9F007BFAA0 /* CardDecoder.swift in Sources */,
				595078722AC5D7D1007BFAA0 /* ViewCardModel.swift in Sources */,
				598DA6692CAC044E0063A4F9 /* IndicatorView.swift in Sources */,
				590874772AC3379A00E768F2 /* RingsUserData.swift in Sources */,
				59355A062AD2902000C894B3 /* PackRow.swift in Sources */,
				59E3C47A2B3C81ED00E74D0D /* CardList.swift in Sources */,
				5922F3D82B2DA7970037E4D4 /* ViewDeckModel.swift in Sources */,
				59C1404D2AC1C26500A9F20C /* DeckCardEdit.swift in Sources */,
				59D8353F2AFF8F3B000C160E /* ScenarioVStack.swift in Sources */,
				729BF2A52A95861800E67871 /* CampaignView.swift in Sources */,
				592E0D302BB0381E000CE62E /* CardSearchButton.swift in Sources */,
				F8443BFA2B7E4B630032AA7F /* Router.swift in Sources */,
				59048F622C5E7CA900718999 /* CardCount.swift in Sources */,
				595A66B32A9DE8930040C952 /* SettingHome.swift in Sources */,
				59735AA22C2C7C5C00F5E0AD /* CampaignImage.swift in Sources */,
				59735AA02C2B0CAD00F5E0AD /* DeckHeroImages.swift in Sources */,
				59CC78D72B46E57E00F29E18 /* CampaignBoonButton.swift in Sources */,
				592264CB2A90A993002A7648 /* RingsCardsApp.swift in Sources */,
				590874752AC3346C00E768F2 /* ModelPreview.swift in Sources */,
				593216A02B39F8B800124EC6 /* PackIcon.swift in Sources */,
				5979A1BF2A9E4D6A00E1CAE1 /* Pack.swift in Sources */,
				593282692B4850D200914E92 /* Scenario.swift in Sources */,
				59C82C242B13AECD0073C4FA /* iconsAndSpheres.swift in Sources */,
				59C87AF12AA5CEC80058CB2A /* Campaign.swift in Sources */,
				5997196B2AC3011D0095AAE7 /* SampleDeck.swift in Sources */,
				594AB53D2B4352260075D176 /* AppSidebarList.swift in Sources */,
				59EDE7132AC8632F001288AE /* SampleCampaign.swift in Sources */,
				59862D702A91F13100628449 /* Card.swift in Sources */,
				593223622A9CA71200AA7751 /* DeckRow.swift in Sources */,
				591DEF272C660F7E008279E9 /* TransitionStyle.swift in Sources */,
				59C357442AAF5374009CA291 /* CardImage.swift in Sources */,
				599719692AC300EC0095AAE7 /* PreviewModelContainer.swift in Sources */,
				59D835412AFF92A2000C160E /* CampaignViewHome.swift in Sources */,
				591DEF292C661367008279E9 /* DeckCostChart.swift in Sources */,
				59EBC8652C650DFB00F24A63 /* DeckStatButton.swift in Sources */,
				5995963E2B46AE31009D294C /* CampaignHome.swift in Sources */,
				59BD5AB02C5CE00700A84157 /* CardFaqButton.swift in Sources */,
				5932826B2B4858FF00914E92 /* ScenarioDecoder.swift in Sources */,
				5987EC402C95819100F4B708 /* MotKCapsule.swift in Sources */,
				59AD9C3E2C87487B00CF978B /* DeckCampaignButton.swift in Sources */,
				593A3EF42B99B2C80030FDCC /* CampaignScenarioInfo.swift in Sources */,
				59735AA42C2C7C8C00F5E0AD /* CampaignProgress.swift in Sources */,
				59C779692B7BFAFF002AFB03 /* Erratum.swift in Sources */,
				59C779622B791A0D002AFB03 /* RuleView.swift in Sources */,
				5998F7E22C8898A70005CDA1 /* DeckCampaignList.swift in Sources */,
				594B766B2AA7026200ED71AF /* CampaignList.swift in Sources */,
				59BD5AAE2C5CDA2F00A84157 /* CardRingsButton.swift in Sources */,
				59A5E65A2B4335E20028A3DE /* AppTabView.swift in Sources */,
				596DD7EF2A9E161C00556B7B /* ScenarioViewHome.swift in Sources */,
				59C7795B2B791558002AFB03 /* Rule.swift in Sources */,
				59C779602B791836002AFB03 /* RuleList.swift in Sources */,
				594B766D2AA7050800ED71AF /* CampaignRow.swift in Sources */,
				59355A082AD2962800C894B3 /* PackList.swift in Sources */,
				591DEF2B2C661CEE008279E9 /* DeckStatChart.swift in Sources */,
			);
			runOnlyForDeploymentPostprocessing = 0;
		};
/* End PBXSourcesBuildPhase section */

/* Begin XCBuildConfiguration section */
		592264E92A90A995002A7648 /* Debug */ = {
			isa = XCBuildConfiguration;
			buildSettings = {
				ALWAYS_SEARCH_USER_PATHS = NO;
				ASSETCATALOG_COMPILER_GENERATE_SWIFT_ASSET_SYMBOL_EXTENSIONS = YES;
				CLANG_ANALYZER_NONNULL = YES;
				CLANG_ANALYZER_NUMBER_OBJECT_CONVERSION = YES_AGGRESSIVE;
				CLANG_CXX_LANGUAGE_STANDARD = "gnu++20";
				CLANG_ENABLE_MODULES = YES;
				CLANG_ENABLE_OBJC_ARC = YES;
				CLANG_ENABLE_OBJC_WEAK = YES;
				CLANG_WARN_BLOCK_CAPTURE_AUTORELEASING = YES;
				CLANG_WARN_BOOL_CONVERSION = YES;
				CLANG_WARN_COMMA = YES;
				CLANG_WARN_CONSTANT_CONVERSION = YES;
				CLANG_WARN_DEPRECATED_OBJC_IMPLEMENTATIONS = YES;
				CLANG_WARN_DIRECT_OBJC_ISA_USAGE = YES_ERROR;
				CLANG_WARN_DOCUMENTATION_COMMENTS = YES;
				CLANG_WARN_EMPTY_BODY = YES;
				CLANG_WARN_ENUM_CONVERSION = YES;
				CLANG_WARN_INFINITE_RECURSION = YES;
				CLANG_WARN_INT_CONVERSION = YES;
				CLANG_WARN_NON_LITERAL_NULL_CONVERSION = YES;
				CLANG_WARN_OBJC_IMPLICIT_RETAIN_SELF = YES;
				CLANG_WARN_OBJC_LITERAL_CONVERSION = YES;
				CLANG_WARN_OBJC_ROOT_CLASS = YES_ERROR;
				CLANG_WARN_QUOTED_INCLUDE_IN_FRAMEWORK_HEADER = YES;
				CLANG_WARN_RANGE_LOOP_ANALYSIS = YES;
				CLANG_WARN_STRICT_PROTOTYPES = YES;
				CLANG_WARN_SUSPICIOUS_MOVE = YES;
				CLANG_WARN_UNGUARDED_AVAILABILITY = YES_AGGRESSIVE;
				CLANG_WARN_UNREACHABLE_CODE = YES;
				CLANG_WARN__DUPLICATE_METHOD_MATCH = YES;
				COPY_PHASE_STRIP = NO;
				DEBUG_INFORMATION_FORMAT = dwarf;
				ENABLE_STRICT_OBJC_MSGSEND = YES;
				ENABLE_TESTABILITY = YES;
				ENABLE_USER_SCRIPT_SANDBOXING = YES;
				GCC_C_LANGUAGE_STANDARD = gnu17;
				GCC_DYNAMIC_NO_PIC = NO;
				GCC_NO_COMMON_BLOCKS = YES;
				GCC_OPTIMIZATION_LEVEL = 0;
				GCC_PREPROCESSOR_DEFINITIONS = (
					"DEBUG=1",
					"$(inherited)",
				);
				GCC_WARN_64_TO_32_BIT_CONVERSION = YES;
				GCC_WARN_ABOUT_RETURN_TYPE = YES_ERROR;
				GCC_WARN_UNDECLARED_SELECTOR = YES;
				GCC_WARN_UNINITIALIZED_AUTOS = YES_AGGRESSIVE;
				GCC_WARN_UNUSED_FUNCTION = YES;
				GCC_WARN_UNUSED_VARIABLE = YES;
				IPHONEOS_DEPLOYMENT_TARGET = 17.0;
				MTL_ENABLE_DEBUG_INFO = INCLUDE_SOURCE;
				MTL_FAST_MATH = YES;
				ONLY_ACTIVE_ARCH = YES;
				SDKROOT = iphoneos;
				SWIFT_ACTIVE_COMPILATION_CONDITIONS = DEBUG;
				SWIFT_OPTIMIZATION_LEVEL = "-Onone";
			};
			name = Debug;
		};
		592264EA2A90A995002A7648 /* Release */ = {
			isa = XCBuildConfiguration;
			buildSettings = {
				ALWAYS_SEARCH_USER_PATHS = NO;
				ASSETCATALOG_COMPILER_GENERATE_SWIFT_ASSET_SYMBOL_EXTENSIONS = YES;
				CLANG_ANALYZER_NONNULL = YES;
				CLANG_ANALYZER_NUMBER_OBJECT_CONVERSION = YES_AGGRESSIVE;
				CLANG_CXX_LANGUAGE_STANDARD = "gnu++20";
				CLANG_ENABLE_MODULES = YES;
				CLANG_ENABLE_OBJC_ARC = YES;
				CLANG_ENABLE_OBJC_WEAK = YES;
				CLANG_WARN_BLOCK_CAPTURE_AUTORELEASING = YES;
				CLANG_WARN_BOOL_CONVERSION = YES;
				CLANG_WARN_COMMA = YES;
				CLANG_WARN_CONSTANT_CONVERSION = YES;
				CLANG_WARN_DEPRECATED_OBJC_IMPLEMENTATIONS = YES;
				CLANG_WARN_DIRECT_OBJC_ISA_USAGE = YES_ERROR;
				CLANG_WARN_DOCUMENTATION_COMMENTS = YES;
				CLANG_WARN_EMPTY_BODY = YES;
				CLANG_WARN_ENUM_CONVERSION = YES;
				CLANG_WARN_INFINITE_RECURSION = YES;
				CLANG_WARN_INT_CONVERSION = YES;
				CLANG_WARN_NON_LITERAL_NULL_CONVERSION = YES;
				CLANG_WARN_OBJC_IMPLICIT_RETAIN_SELF = YES;
				CLANG_WARN_OBJC_LITERAL_CONVERSION = YES;
				CLANG_WARN_OBJC_ROOT_CLASS = YES_ERROR;
				CLANG_WARN_QUOTED_INCLUDE_IN_FRAMEWORK_HEADER = YES;
				CLANG_WARN_RANGE_LOOP_ANALYSIS = YES;
				CLANG_WARN_STRICT_PROTOTYPES = YES;
				CLANG_WARN_SUSPICIOUS_MOVE = YES;
				CLANG_WARN_UNGUARDED_AVAILABILITY = YES_AGGRESSIVE;
				CLANG_WARN_UNREACHABLE_CODE = YES;
				CLANG_WARN__DUPLICATE_METHOD_MATCH = YES;
				COPY_PHASE_STRIP = NO;
				DEBUG_INFORMATION_FORMAT = "dwarf-with-dsym";
				ENABLE_NS_ASSERTIONS = NO;
				ENABLE_STRICT_OBJC_MSGSEND = YES;
				ENABLE_USER_SCRIPT_SANDBOXING = YES;
				GCC_C_LANGUAGE_STANDARD = gnu17;
				GCC_NO_COMMON_BLOCKS = YES;
				GCC_WARN_64_TO_32_BIT_CONVERSION = YES;
				GCC_WARN_ABOUT_RETURN_TYPE = YES_ERROR;
				GCC_WARN_UNDECLARED_SELECTOR = YES;
				GCC_WARN_UNINITIALIZED_AUTOS = YES_AGGRESSIVE;
				GCC_WARN_UNUSED_FUNCTION = YES;
				GCC_WARN_UNUSED_VARIABLE = YES;
				IPHONEOS_DEPLOYMENT_TARGET = 17.0;
				MTL_ENABLE_DEBUG_INFO = NO;
				MTL_FAST_MATH = YES;
				SDKROOT = iphoneos;
				SWIFT_COMPILATION_MODE = wholemodule;
				SWIFT_OPTIMIZATION_LEVEL = "-O";
				VALIDATE_PRODUCT = YES;
			};
			name = Release;
		};
		592264EC2A90A995002A7648 /* Debug */ = {
			isa = XCBuildConfiguration;
			buildSettings = {
				ASSETCATALOG_COMPILER_APPICON_NAME = AppIcon;
				ASSETCATALOG_COMPILER_GLOBAL_ACCENT_COLOR_NAME = AccentColor;
				CODE_SIGN_STYLE = Automatic;
				CURRENT_PROJECT_VERSION = 1;
				DEVELOPMENT_ASSET_PATHS = "\"RingsCards/Preview Content\"";
				DEVELOPMENT_TEAM = MQ5V24PMU2;
				ENABLE_PREVIEWS = YES;
				GENERATE_INFOPLIST_FILE = YES;
				INFOPLIST_FILE = RingsCards/Info.plist;
				INFOPLIST_KEY_CFBundleDisplayName = RingsCards;
				INFOPLIST_KEY_LSApplicationCategoryType = "public.app-category.card-games";
				INFOPLIST_KEY_UIApplicationSceneManifest_Generation = YES;
				INFOPLIST_KEY_UIApplicationSupportsIndirectInputEvents = YES;
				INFOPLIST_KEY_UILaunchScreen_Generation = YES;
				INFOPLIST_KEY_UILaunchStoryboardName = "";
				INFOPLIST_KEY_UIRequiresFullScreen = YES;
				INFOPLIST_KEY_UISupportedInterfaceOrientations = UIInterfaceOrientationPortrait;
				LD_RUNPATH_SEARCH_PATHS = (
					"$(inherited)",
					"@executable_path/Frameworks",
				);
				MARKETING_VERSION = 1.5;
				PRODUCT_BUNDLE_IDENTIFIER = LotR.RingsCards;
				PRODUCT_NAME = "$(TARGET_NAME)";
				SUPPORTED_PLATFORMS = "iphoneos iphonesimulator";
				SUPPORTS_MACCATALYST = NO;
				SUPPORTS_MAC_DESIGNED_FOR_IPHONE_IPAD = NO;
				SUPPORTS_XR_DESIGNED_FOR_IPHONE_IPAD = NO;
				SWIFT_EMIT_LOC_STRINGS = YES;
				SWIFT_VERSION = 5.0;
				TARGETED_DEVICE_FAMILY = "1,2";
			};
			name = Debug;
		};
		592264ED2A90A995002A7648 /* Release */ = {
			isa = XCBuildConfiguration;
			buildSettings = {
				ASSETCATALOG_COMPILER_APPICON_NAME = AppIcon;
				ASSETCATALOG_COMPILER_GLOBAL_ACCENT_COLOR_NAME = AccentColor;
				CODE_SIGN_STYLE = Automatic;
				CURRENT_PROJECT_VERSION = 1;
				DEVELOPMENT_ASSET_PATHS = "\"RingsCards/Preview Content\"";
				DEVELOPMENT_TEAM = MQ5V24PMU2;
				ENABLE_PREVIEWS = YES;
				GENERATE_INFOPLIST_FILE = YES;
				INFOPLIST_FILE = RingsCards/Info.plist;
				INFOPLIST_KEY_CFBundleDisplayName = RingsCards;
				INFOPLIST_KEY_LSApplicationCategoryType = "public.app-category.card-games";
				INFOPLIST_KEY_UIApplicationSceneManifest_Generation = YES;
				INFOPLIST_KEY_UIApplicationSupportsIndirectInputEvents = YES;
				INFOPLIST_KEY_UILaunchScreen_Generation = YES;
				INFOPLIST_KEY_UILaunchStoryboardName = "";
				INFOPLIST_KEY_UIRequiresFullScreen = YES;
				INFOPLIST_KEY_UISupportedInterfaceOrientations = UIInterfaceOrientationPortrait;
				LD_RUNPATH_SEARCH_PATHS = (
					"$(inherited)",
					"@executable_path/Frameworks",
				);
				MARKETING_VERSION = 1.5;
				PRODUCT_BUNDLE_IDENTIFIER = LotR.RingsCards;
				PRODUCT_NAME = "$(TARGET_NAME)";
				SUPPORTED_PLATFORMS = "iphoneos iphonesimulator";
				SUPPORTS_MACCATALYST = NO;
				SUPPORTS_MAC_DESIGNED_FOR_IPHONE_IPAD = NO;
				SUPPORTS_XR_DESIGNED_FOR_IPHONE_IPAD = NO;
				SWIFT_EMIT_LOC_STRINGS = YES;
				SWIFT_VERSION = 5.0;
				TARGETED_DEVICE_FAMILY = "1,2";
			};
			name = Release;
		};
/* End XCBuildConfiguration section */

/* Begin XCConfigurationList section */
		592264C22A90A993002A7648 /* Build configuration list for PBXProject "RingsCards" */ = {
			isa = XCConfigurationList;
			buildConfigurations = (
				592264E92A90A995002A7648 /* Debug */,
				592264EA2A90A995002A7648 /* Release */,
			);
			defaultConfigurationIsVisible = 0;
			defaultConfigurationName = Release;
		};
		592264EB2A90A995002A7648 /* Build configuration list for PBXNativeTarget "RingsCards" */ = {
			isa = XCConfigurationList;
			buildConfigurations = (
				592264EC2A90A995002A7648 /* Debug */,
				592264ED2A90A995002A7648 /* Release */,
			);
			defaultConfigurationIsVisible = 0;
			defaultConfigurationName = Release;
		};
/* End XCConfigurationList section */
	};
	rootObject = 592264BF2A90A993002A7648 /* Project object */;
}
